
Microsoft Visual Studio Solution File, Format Version 12.00
# Visual Studio Version 17
VisualStudioVersion = 17.4.33122.133
MinimumVisualStudioVersion = 10.0.40219.1
Project("{9A19103F-16F7-4668-BE54-9A1E7A4F7556}") = "Blazscan.Domain.Contracts", "Blazscan.Domain.Contracts\Blazscan.Domain.Contracts.csproj", "{A72F0959-6B7E-41A3-8295-42D9166DFBEA}"
EndProject
Project("{2150E333-8FDC-42A3-9474-1A3956D46DE8}") = "00.Deployment", "00.Deployment", "{95DEEDB4-3C7D-4D06-9A97-CC16D7721152}"
EndProject
Project("{2150E333-8FDC-42A3-9474-1A3956D46DE8}") = "01.Application", "01.Application", "{CB427406-E3C9-402D-9C25-F35C450D7D2C}"
EndProject
Project("{2150E333-8FDC-42A3-9474-1A3956D46DE8}") = "03.Infrastructure", "03.Infrastructure", "{06CE1338-7D1F-4CA5-9936-65C31CED0F95}"
EndProject
Project("{2150E333-8FDC-42A3-9474-1A3956D46DE8}") = "04.Core", "04.Core", "{F8743F78-109F-4E69-BA71-02047B4BB2D6}"
EndProject
Project("{9A19103F-16F7-4668-BE54-9A1E7A4F7556}") = "Blazscan.Domain.Contracts.Test", "Blazscan.Domain.Contracts.Test\Blazscan.Domain.Contracts.Test.csproj", "{8B5DC9BD-7E9C-498C-96B5-BDA460A1CC29}"
EndProject
Project("{2150E333-8FDC-42A3-9474-1A3956D46DE8}") = "02.Domain", "02.Domain", "{6BD8838E-552B-417B-8B30-841C712E6696}"
EndProject
Project("{9A19103F-16F7-4668-BE54-9A1E7A4F7556}") = "Blazscan.SubstrateDecode", "Blazscan.SubstrateDecode\Blazscan.SubstrateDecode.csproj", "{FE98F0D9-F04F-4467-952B-F436B4BF419D}"
EndProject
Project("{9A19103F-16F7-4668-BE54-9A1E7A4F7556}") = "Blazscan.SubstrateDecode.Test", "Blazscan.SubstrateDecode.Test\Blazscan.SubstrateDecode.Test.csproj", "{D83AC5FF-04A4-477A-94DB-070C841AAFD7}"
EndProject
Project("{9A19103F-16F7-4668-BE54-9A1E7A4F7556}") = "Blazscan.SubstrateIntegration.Test", "Blazscan.SubstrateIntegration.Test\Blazscan.SubstrateIntegration.Test.csproj", "{ECF33398-B45D-4405-8534-DA1128C07F7B}"
EndProject
Project("{9A19103F-16F7-4668-BE54-9A1E7A4F7556}") = "Blazscan.Maui", "Blazscan.Maui\Blazscan.Maui.csproj", "{C9964890-7AC4-43BE-9050-26E1C9AD47F2}"
EndProject
Project("{9A19103F-16F7-4668-BE54-9A1E7A4F7556}") = "Blazscan.Components", "Blazscan.Components\Blazscan.Components.csproj", "{211A5FBE-5148-4CE9-92F8-EDDE2ECCB7AB}"
EndProject
Project("{9A19103F-16F7-4668-BE54-9A1E7A4F7556}") = "Blazscan.RestService", "Blazscan.RestService\Blazscan.RestService.csproj", "{4FDFF198-6B9D-4622-AD09-494AFB88D507}"
EndProject
Project("{9A19103F-16F7-4668-BE54-9A1E7A4F7556}") = "Blazscan.NetApiExt", "Blazscan.NetApiExt\Blazscan.NetApiExt.csproj", "{61E82015-6036-4D81-BAE4-F4426AAD1E07}"
EndProject
Project("{9A19103F-16F7-4668-BE54-9A1E7A4F7556}") = "Blazscan.RestClient", "Blazscan.RestClient\Blazscan.RestClient.csproj", "{3EE941C5-ECA3-4E1F-A3B1-1E60A32F8041}"
EndProject
Project("{9A19103F-16F7-4668-BE54-9A1E7A4F7556}") = "Blazscan.RestClient.Mockup", "Blazscan.RestClient.Mockup\Blazscan.RestClient.Mockup.csproj", "{AA3F002E-696C-4A26-80C7-CB1EA6561F8D}"
EndProject
Project("{9A19103F-16F7-4668-BE54-9A1E7A4F7556}") = "Blazscan.RestClient.Test", "Blazscan.RestClient.Test\Blazscan.RestClient.Test.csproj", "{284130FF-C856-4EED-8F51-8146DDF3676F}"
EndProject
Project("{FAE04EC0-301F-11D3-BF4B-00C04F79EFBC}") = "Blazscan.AjunaExtension", "Blazscan.AjunaExtension\Blazscan.AjunaExtension.csproj", "{335051EA-09D2-413E-A3D5-13C6A1DC5E6E}"
EndProject
Project("{FAE04EC0-301F-11D3-BF4B-00C04F79EFBC}") = "Blazscan.Web", "Blazscan.Web\Blazscan.Web.csproj", "{E30E54F5-6C0A-4E75-906F-49FA317F26EC}"
EndProject
Global
	GlobalSection(SolutionConfigurationPlatforms) = preSolution
		Debug|Any CPU = Debug|Any CPU
		Release|Any CPU = Release|Any CPU
	EndGlobalSection
	GlobalSection(ProjectConfigurationPlatforms) = postSolution
		{A72F0959-6B7E-41A3-8295-42D9166DFBEA}.Debug|Any CPU.ActiveCfg = Debug|Any CPU
		{A72F0959-6B7E-41A3-8295-42D9166DFBEA}.Debug|Any CPU.Build.0 = Debug|Any CPU
		{A72F0959-6B7E-41A3-8295-42D9166DFBEA}.Release|Any CPU.ActiveCfg = Release|Any CPU
		{A72F0959-6B7E-41A3-8295-42D9166DFBEA}.Release|Any CPU.Build.0 = Release|Any CPU
		{8B5DC9BD-7E9C-498C-96B5-BDA460A1CC29}.Debug|Any CPU.ActiveCfg = Debug|Any CPU
		{8B5DC9BD-7E9C-498C-96B5-BDA460A1CC29}.Debug|Any CPU.Build.0 = Debug|Any CPU
		{8B5DC9BD-7E9C-498C-96B5-BDA460A1CC29}.Release|Any CPU.ActiveCfg = Release|Any CPU
		{8B5DC9BD-7E9C-498C-96B5-BDA460A1CC29}.Release|Any CPU.Build.0 = Release|Any CPU
		{FE98F0D9-F04F-4467-952B-F436B4BF419D}.Debug|Any CPU.ActiveCfg = Debug|Any CPU
		{FE98F0D9-F04F-4467-952B-F436B4BF419D}.Debug|Any CPU.Build.0 = Debug|Any CPU
		{FE98F0D9-F04F-4467-952B-F436B4BF419D}.Release|Any CPU.ActiveCfg = Release|Any CPU
		{FE98F0D9-F04F-4467-952B-F436B4BF419D}.Release|Any CPU.Build.0 = Release|Any CPU
		{D83AC5FF-04A4-477A-94DB-070C841AAFD7}.Debug|Any CPU.ActiveCfg = Debug|Any CPU
		{D83AC5FF-04A4-477A-94DB-070C841AAFD7}.Debug|Any CPU.Build.0 = Debug|Any CPU
		{D83AC5FF-04A4-477A-94DB-070C841AAFD7}.Release|Any CPU.ActiveCfg = Release|Any CPU
		{D83AC5FF-04A4-477A-94DB-070C841AAFD7}.Release|Any CPU.Build.0 = Release|Any CPU
		{ECF33398-B45D-4405-8534-DA1128C07F7B}.Debug|Any CPU.ActiveCfg = Debug|Any CPU
		{ECF33398-B45D-4405-8534-DA1128C07F7B}.Debug|Any CPU.Build.0 = Debug|Any CPU
		{ECF33398-B45D-4405-8534-DA1128C07F7B}.Release|Any CPU.ActiveCfg = Release|Any CPU
		{ECF33398-B45D-4405-8534-DA1128C07F7B}.Release|Any CPU.Build.0 = Release|Any CPU
		{C9964890-7AC4-43BE-9050-26E1C9AD47F2}.Debug|Any CPU.ActiveCfg = Debug|Any CPU
		{C9964890-7AC4-43BE-9050-26E1C9AD47F2}.Debug|Any CPU.Build.0 = Debug|Any CPU
		{C9964890-7AC4-43BE-9050-26E1C9AD47F2}.Debug|Any CPU.Deploy.0 = Debug|Any CPU
		{C9964890-7AC4-43BE-9050-26E1C9AD47F2}.Release|Any CPU.ActiveCfg = Release|Any CPU
		{C9964890-7AC4-43BE-9050-26E1C9AD47F2}.Release|Any CPU.Build.0 = Release|Any CPU
		{C9964890-7AC4-43BE-9050-26E1C9AD47F2}.Release|Any CPU.Deploy.0 = Release|Any CPU
		{211A5FBE-5148-4CE9-92F8-EDDE2ECCB7AB}.Debug|Any CPU.ActiveCfg = Debug|Any CPU
		{211A5FBE-5148-4CE9-92F8-EDDE2ECCB7AB}.Debug|Any CPU.Build.0 = Debug|Any CPU
		{211A5FBE-5148-4CE9-92F8-EDDE2ECCB7AB}.Release|Any CPU.ActiveCfg = Release|Any CPU
		{211A5FBE-5148-4CE9-92F8-EDDE2ECCB7AB}.Release|Any CPU.Build.0 = Release|Any CPU
		{4FDFF198-6B9D-4622-AD09-494AFB88D507}.Debug|Any CPU.ActiveCfg = Debug|Any CPU
		{4FDFF198-6B9D-4622-AD09-494AFB88D507}.Debug|Any CPU.Build.0 = Debug|Any CPU
		{4FDFF198-6B9D-4622-AD09-494AFB88D507}.Release|Any CPU.ActiveCfg = Release|Any CPU
		{4FDFF198-6B9D-4622-AD09-494AFB88D507}.Release|Any CPU.Build.0 = Release|Any CPU
		{61E82015-6036-4D81-BAE4-F4426AAD1E07}.Debug|Any CPU.ActiveCfg = Debug|Any CPU
		{61E82015-6036-4D81-BAE4-F4426AAD1E07}.Debug|Any CPU.Build.0 = Debug|Any CPU
		{61E82015-6036-4D81-BAE4-F4426AAD1E07}.Release|Any CPU.ActiveCfg = Release|Any CPU
		{61E82015-6036-4D81-BAE4-F4426AAD1E07}.Release|Any CPU.Build.0 = Release|Any CPU
		{3EE941C5-ECA3-4E1F-A3B1-1E60A32F8041}.Debug|Any CPU.ActiveCfg = Debug|Any CPU
		{3EE941C5-ECA3-4E1F-A3B1-1E60A32F8041}.Debug|Any CPU.Build.0 = Debug|Any CPU
		{3EE941C5-ECA3-4E1F-A3B1-1E60A32F8041}.Release|Any CPU.ActiveCfg = Release|Any CPU
		{3EE941C5-ECA3-4E1F-A3B1-1E60A32F8041}.Release|Any CPU.Build.0 = Release|Any CPU
		{AA3F002E-696C-4A26-80C7-CB1EA6561F8D}.Debug|Any CPU.ActiveCfg = Debug|Any CPU
		{AA3F002E-696C-4A26-80C7-CB1EA6561F8D}.Debug|Any CPU.Build.0 = Debug|Any CPU
		{AA3F002E-696C-4A26-80C7-CB1EA6561F8D}.Release|Any CPU.ActiveCfg = Release|Any CPU
		{AA3F002E-696C-4A26-80C7-CB1EA6561F8D}.Release|Any CPU.Build.0 = Release|Any CPU
		{284130FF-C856-4EED-8F51-8146DDF3676F}.Debug|Any CPU.ActiveCfg = Debug|Any CPU
		{284130FF-C856-4EED-8F51-8146DDF3676F}.Debug|Any CPU.Build.0 = Debug|Any CPU
		{284130FF-C856-4EED-8F51-8146DDF3676F}.Release|Any CPU.ActiveCfg = Release|Any CPU
		{284130FF-C856-4EED-8F51-8146DDF3676F}.Release|Any CPU.Build.0 = Release|Any CPU
		{335051EA-09D2-413E-A3D5-13C6A1DC5E6E}.Debug|Any CPU.ActiveCfg = Debug|Any CPU
		{335051EA-09D2-413E-A3D5-13C6A1DC5E6E}.Debug|Any CPU.Build.0 = Debug|Any CPU
		{335051EA-09D2-413E-A3D5-13C6A1DC5E6E}.Release|Any CPU.ActiveCfg = Release|Any CPU
		{335051EA-09D2-413E-A3D5-13C6A1DC5E6E}.Release|Any CPU.Build.0 = Release|Any CPU
		{E30E54F5-6C0A-4E75-906F-49FA317F26EC}.Debug|Any CPU.ActiveCfg = Debug|Any CPU
		{E30E54F5-6C0A-4E75-906F-49FA317F26EC}.Debug|Any CPU.Build.0 = Debug|Any CPU
		{E30E54F5-6C0A-4E75-906F-49FA317F26EC}.Release|Any CPU.ActiveCfg = Release|Any CPU
		{E30E54F5-6C0A-4E75-906F-49FA317F26EC}.Release|Any CPU.Build.0 = Release|Any CPU
	EndGlobalSection
	GlobalSection(SolutionProperties) = preSolution
		HideSolutionNode = FALSE
	EndGlobalSection
	GlobalSection(NestedProjects) = preSolution
		{A72F0959-6B7E-41A3-8295-42D9166DFBEA} = {6BD8838E-552B-417B-8B30-841C712E6696}
		{8B5DC9BD-7E9C-498C-96B5-BDA460A1CC29} = {6BD8838E-552B-417B-8B30-841C712E6696}
		{FE98F0D9-F04F-4467-952B-F436B4BF419D} = {F8743F78-109F-4E69-BA71-02047B4BB2D6}
		{D83AC5FF-04A4-477A-94DB-070C841AAFD7} = {F8743F78-109F-4E69-BA71-02047B4BB2D6}
		{ECF33398-B45D-4405-8534-DA1128C07F7B} = {F8743F78-109F-4E69-BA71-02047B4BB2D6}
		{C9964890-7AC4-43BE-9050-26E1C9AD47F2} = {CB427406-E3C9-402D-9C25-F35C450D7D2C}
		{211A5FBE-5148-4CE9-92F8-EDDE2ECCB7AB} = {CB427406-E3C9-402D-9C25-F35C450D7D2C}
		{4FDFF198-6B9D-4622-AD09-494AFB88D507} = {CB427406-E3C9-402D-9C25-F35C450D7D2C}
		{61E82015-6036-4D81-BAE4-F4426AAD1E07} = {06CE1338-7D1F-4CA5-9936-65C31CED0F95}
		{3EE941C5-ECA3-4E1F-A3B1-1E60A32F8041} = {06CE1338-7D1F-4CA5-9936-65C31CED0F95}
		{AA3F002E-696C-4A26-80C7-CB1EA6561F8D} = {06CE1338-7D1F-4CA5-9936-65C31CED0F95}
		{284130FF-C856-4EED-8F51-8146DDF3676F} = {06CE1338-7D1F-4CA5-9936-65C31CED0F95}
		{335051EA-09D2-413E-A3D5-13C6A1DC5E6E} = {F8743F78-109F-4E69-BA71-02047B4BB2D6}
		{E30E54F5-6C0A-4E75-906F-49FA317F26EC} = {CB427406-E3C9-402D-9C25-F35C450D7D2C}
	EndGlobalSection
	GlobalSection(ExtensibilityGlobals) = postSolution
		SolutionGuid = {31C4F337-85EF-42F2-9358-F402619BBAE7}
	EndGlobalSection
EndGlobal
