
Microsoft Visual Studio Solution File, Format Version 12.00
# Visual Studio Version 17
VisualStudioVersion = 17.4.33122.133
MinimumVisualStudioVersion = 10.0.40219.1
Project("{9A19103F-16F7-4668-BE54-9A1E7A4F7556}") = "Polkanalysis.Domain.Contracts", "Polkanalysis.Domain.Contracts\Polkanalysis.Domain.Contracts.csproj", "{A72F0959-6B7E-41A3-8295-42D9166DFBEA}"
EndProject
Project("{2150E333-8FDC-42A3-9474-1A3956D46DE8}") = "00.Deployment", "00.Deployment", "{95DEEDB4-3C7D-4D06-9A97-CC16D7721152}"
EndProject
Project("{2150E333-8FDC-42A3-9474-1A3956D46DE8}") = "01.Application", "01.Application", "{CB427406-E3C9-402D-9C25-F35C450D7D2C}"
EndProject
Project("{2150E333-8FDC-42A3-9474-1A3956D46DE8}") = "03.Infrastructure", "03.Infrastructure", "{06CE1338-7D1F-4CA5-9936-65C31CED0F95}"
EndProject
Project("{2150E333-8FDC-42A3-9474-1A3956D46DE8}") = "04.Core", "04.Core", "{F8743F78-109F-4E69-BA71-02047B4BB2D6}"
EndProject
Project("{9A19103F-16F7-4668-BE54-9A1E7A4F7556}") = "Polkanalysis.Domain.Tests", "Polkanalysis.Domain.Tests\Polkanalysis.Domain.Tests.csproj", "{8B5DC9BD-7E9C-498C-96B5-BDA460A1CC29}"
EndProject
Project("{2150E333-8FDC-42A3-9474-1A3956D46DE8}") = "02.Domain", "02.Domain", "{6BD8838E-552B-417B-8B30-841C712E6696}"
EndProject
Project("{9A19103F-16F7-4668-BE54-9A1E7A4F7556}") = "Polkanalysis.Web", "Polkanalysis.Web\Polkanalysis.Web.csproj", "{E30E54F5-6C0A-4E75-906F-49FA317F26EC}"
EndProject
Project("{9A19103F-16F7-4668-BE54-9A1E7A4F7556}") = "Polkanalysis.Components", "Polkanalysis.Components\Polkanalysis.Components.csproj", "{F791AB81-450D-473C-A37F-7D388CC89C20}"
EndProject
Project("{9A19103F-16F7-4668-BE54-9A1E7A4F7556}") = "Polkanalysis.Infrastructure.Polkadot", "Polkanalysis.Infrastructure.Polkadot\Polkanalysis.Infrastructure.Polkadot.csproj", "{7827F798-B3C5-4432-9679-75E21F0CAB87}"
EndProject
Project("{9A19103F-16F7-4668-BE54-9A1E7A4F7556}") = "Polkanalysis.Infrastructure.Tests", "Polkanalysis.Infrastructure.Tests\Polkanalysis.Infrastructure.Tests.csproj", "{C73C84FA-2AB5-429E-BA85-CDA4C199D974}"
EndProject
Project("{9A19103F-16F7-4668-BE54-9A1E7A4F7556}") = "Polkanalysis.Components.Tests", "Polkanalysis.Components.Tests\Polkanalysis.Components.Tests.csproj", "{E85B9C73-8F2D-4FFB-A873-8863921DC52E}"
EndProject
Project("{9A19103F-16F7-4668-BE54-9A1E7A4F7556}") = "ConsoleTest", "ConsoleTest\ConsoleTest.csproj", "{8E48983F-62D8-4900-B95A-7A5CDC843E5B}"
EndProject
Project("{2150E333-8FDC-42A3-9474-1A3956D46DE8}") = "Solution Items", "Solution Items", "{C3408C24-D6EC-4B44-B140-B8C1B3EF6D80}"
	ProjectSection(SolutionItems) = preProject
		.editorconfig = .editorconfig
		.gitattributes = .gitattributes
		.gitignore = .gitignore
		LICENSE.txt = LICENSE.txt
		README.md = README.md
		Roadmap.md = Roadmap.md
	EndProjectSection
EndProject
Project("{9A19103F-16F7-4668-BE54-9A1E7A4F7556}") = "Polkanalysis.Web.Tests", "Polkanalysis.Web.Tests\Polkanalysis.Web.Tests.csproj", "{214A2068-9758-49FA-ADB6-C3454DF59367}"
EndProject
Project("{9A19103F-16F7-4668-BE54-9A1E7A4F7556}") = "Polkanalysis.Domain", "Polkanalysis.Domain\Polkanalysis.Domain.csproj", "{A2B9E326-4639-4F3E-9301-CA5C6BD17298}"
EndProject
Project("{9A19103F-16F7-4668-BE54-9A1E7A4F7556}") = "Polkanalysis.Domain.Integration.Tests", "Polkanalysis.Domain.Integration.Tests\Polkanalysis.Domain.Integration.Tests.csproj", "{B46291D1-85C6-47FE-AC87-910C73772ED8}"
EndProject
Project("{9A19103F-16F7-4668-BE54-9A1E7A4F7556}") = "Polkanalysis.Infrastructure.Integration.Tests", "Polkanalysis.Infrastructure.Integration.Tests\Polkanalysis.Infrastructure.Integration.Tests.csproj", "{A46E4983-FE43-4224-A6A9-56892A66286B}"
EndProject
Project("{9A19103F-16F7-4668-BE54-9A1E7A4F7556}") = "Polkanalysis.Integration.Tests.Contracts", "Polkanalysis.Integration.Tests.Contracts\Polkanalysis.Integration.Tests.Contracts.csproj", "{C8614077-A9DD-46B1-BD51-22C7D0F2F9AA}"
EndProject
Project("{2150E333-8FDC-42A3-9474-1A3956D46DE8}") = "05.Blockchains", "05.Blockchains", "{B6463D88-968C-4EEB-A7B4-A56007B3FDF6}"
EndProject
Project("{9A19103F-16F7-4668-BE54-9A1E7A4F7556}") = "Polkanalysis.Infrastructure.Kusama", "Polkanalysis.Infrastructure.Kusama\Polkanalysis.Infrastructure.Kusama.csproj", "{F3B296A5-3EEF-4916-9D55-BAFFF563624E}"
EndProject
Project("{9A19103F-16F7-4668-BE54-9A1E7A4F7556}") = "Polkanalysis.Infrastructure.Bajun", "Polkanalysis.Infrastructure.Bajun\Polkanalysis.Infrastructure.Bajun.csproj", "{9EE6AC2A-5811-484F-8C23-0CF308AF3894}"
EndProject
Project("{9A19103F-16F7-4668-BE54-9A1E7A4F7556}") = "Polkanalysis.Infrastructure.Common", "Polkanalysis.Infrastructure.Common\Polkanalysis.Infrastructure.Common.csproj", "{7AF607CA-1D2E-4B98-978D-EAF814E77FBC}"
EndProject
Project("{9A19103F-16F7-4668-BE54-9A1E7A4F7556}") = "Polkanalysis.Infrastructure.Contracts", "Polkanalysis.Infrastructure.Contracts\Polkanalysis.Infrastructure.Contracts.csproj", "{1629D073-4A84-4842-8A12-20C8EEC0AFD3}"
EndProject
Project("{9A19103F-16F7-4668-BE54-9A1E7A4F7556}") = "Polkanalysis.DatabaseWorker", "Polkanalysis.DatabaseWorker\Polkanalysis.DatabaseWorker.csproj", "{7F717E79-E78B-4295-9293-04DA5472B5B3}"
EndProject
Project("{9A19103F-16F7-4668-BE54-9A1E7A4F7556}") = "Polkanalysis.Api", "Polkanalysis.Api\Polkanalysis.Api.csproj", "{D68C4B4B-0781-45EF-A8B5-A54F459ADE2E}"
EndProject
Project("{9A19103F-16F7-4668-BE54-9A1E7A4F7556}") = "Polkanalysis.Api.Tests", "Polkanalysis.Api.Tests\Polkanalysis.Api.Tests.csproj", "{283AF5AF-B567-45EB-9610-2A785A1AB6AA}"
EndProject
Project("{9A19103F-16F7-4668-BE54-9A1E7A4F7556}") = "Polkanalysis.Worker.Tests", "Polkanalysis.Worker.Tests\Polkanalysis.Worker.Tests.csproj", "{F1A0E819-4164-4C72-BFB6-09B0C22CA5D9}"
EndProject
Project("{E53339B2-1760-4266-BCC7-CA923CBCF16C}") = "docker-compose", "docker-compose.dcproj", "{D4E92C64-F964-4DC0-9D54-DFEBED9952D1}"
EndProject
Project("{9A19103F-16F7-4668-BE54-9A1E7A4F7556}") = "Substrate.NET.Utils", "..\Substrate.NET.Utils\Substrate.NET.Utils\Substrate.NET.Utils.csproj", "{968B4687-209B-49CF-9DFC-D25471C07FD9}"
EndProject
Project("{9A19103F-16F7-4668-BE54-9A1E7A4F7556}") = "Polkanalysis.Polkadot.NetApiExt", "Polkanalysis.Polkadot.NetApiExt\Polkanalysis.Polkadot.NetApiExt.csproj", "{6592D507-C277-42D5-96E5-B7C6351E7D2F}"
EndProject
Project("{9A19103F-16F7-4668-BE54-9A1E7A4F7556}") = "Polkanalysis.Configuration.Extentions", "Polkanalysis.Configuration.Extentions\Polkanalysis.Configuration.Extentions.csproj", "{7515678A-AE79-43B5-9236-2A40AD7B5523}"
EndProject
Project("{9A19103F-16F7-4668-BE54-9A1E7A4F7556}") = "Polkanalysis.Configuration.Contracts", "Polkanalysis.Configuration.Contracts\Polkanalysis.Configuration.Contracts.csproj", "{0F4D590A-2154-4B9C-A058-5A3AA8E531C0}"
EndProject
Project("{9A19103F-16F7-4668-BE54-9A1E7A4F7556}") = "Polkanalysis.Configuration.Tests", "Polkanalysis.Configuration.Tests\Polkanalysis.Configuration.Tests.csproj", "{86F9825A-1466-4D55-8C31-197FAA2FE336}"
EndProject
Project("{FAE04EC0-301F-11D3-BF4B-00C04F79EFBC}") = "Polkanalysis.WebApp", "Polkanalysis.WebApp\Polkanalysis.WebApp.csproj", "{F5DD510C-6B04-440B-BB53-EBE27C5C561D}"
EndProject
Global
	GlobalSection(SolutionConfigurationPlatforms) = preSolution
		Debug|Any CPU = Debug|Any CPU
		Release|Any CPU = Release|Any CPU
	EndGlobalSection
	GlobalSection(ProjectConfigurationPlatforms) = postSolution
		{A72F0959-6B7E-41A3-8295-42D9166DFBEA}.Debug|Any CPU.ActiveCfg = Debug|Any CPU
		{A72F0959-6B7E-41A3-8295-42D9166DFBEA}.Debug|Any CPU.Build.0 = Debug|Any CPU
		{A72F0959-6B7E-41A3-8295-42D9166DFBEA}.Release|Any CPU.ActiveCfg = Release|Any CPU
		{A72F0959-6B7E-41A3-8295-42D9166DFBEA}.Release|Any CPU.Build.0 = Release|Any CPU
		{8B5DC9BD-7E9C-498C-96B5-BDA460A1CC29}.Debug|Any CPU.ActiveCfg = Debug|Any CPU
		{8B5DC9BD-7E9C-498C-96B5-BDA460A1CC29}.Debug|Any CPU.Build.0 = Debug|Any CPU
		{8B5DC9BD-7E9C-498C-96B5-BDA460A1CC29}.Release|Any CPU.ActiveCfg = Release|Any CPU
		{8B5DC9BD-7E9C-498C-96B5-BDA460A1CC29}.Release|Any CPU.Build.0 = Release|Any CPU
		{E30E54F5-6C0A-4E75-906F-49FA317F26EC}.Debug|Any CPU.ActiveCfg = Debug|Any CPU
		{E30E54F5-6C0A-4E75-906F-49FA317F26EC}.Debug|Any CPU.Build.0 = Debug|Any CPU
		{E30E54F5-6C0A-4E75-906F-49FA317F26EC}.Release|Any CPU.ActiveCfg = Release|Any CPU
		{E30E54F5-6C0A-4E75-906F-49FA317F26EC}.Release|Any CPU.Build.0 = Release|Any CPU
		{F791AB81-450D-473C-A37F-7D388CC89C20}.Debug|Any CPU.ActiveCfg = Debug|Any CPU
		{F791AB81-450D-473C-A37F-7D388CC89C20}.Debug|Any CPU.Build.0 = Debug|Any CPU
		{F791AB81-450D-473C-A37F-7D388CC89C20}.Release|Any CPU.ActiveCfg = Release|Any CPU
		{F791AB81-450D-473C-A37F-7D388CC89C20}.Release|Any CPU.Build.0 = Release|Any CPU
		{7827F798-B3C5-4432-9679-75E21F0CAB87}.Debug|Any CPU.ActiveCfg = Debug|Any CPU
		{7827F798-B3C5-4432-9679-75E21F0CAB87}.Debug|Any CPU.Build.0 = Debug|Any CPU
		{7827F798-B3C5-4432-9679-75E21F0CAB87}.Release|Any CPU.ActiveCfg = Release|Any CPU
		{7827F798-B3C5-4432-9679-75E21F0CAB87}.Release|Any CPU.Build.0 = Release|Any CPU
		{C73C84FA-2AB5-429E-BA85-CDA4C199D974}.Debug|Any CPU.ActiveCfg = Debug|Any CPU
		{C73C84FA-2AB5-429E-BA85-CDA4C199D974}.Debug|Any CPU.Build.0 = Debug|Any CPU
		{C73C84FA-2AB5-429E-BA85-CDA4C199D974}.Release|Any CPU.ActiveCfg = Release|Any CPU
		{C73C84FA-2AB5-429E-BA85-CDA4C199D974}.Release|Any CPU.Build.0 = Release|Any CPU
		{E85B9C73-8F2D-4FFB-A873-8863921DC52E}.Debug|Any CPU.ActiveCfg = Debug|Any CPU
		{E85B9C73-8F2D-4FFB-A873-8863921DC52E}.Debug|Any CPU.Build.0 = Debug|Any CPU
		{E85B9C73-8F2D-4FFB-A873-8863921DC52E}.Release|Any CPU.ActiveCfg = Release|Any CPU
		{E85B9C73-8F2D-4FFB-A873-8863921DC52E}.Release|Any CPU.Build.0 = Release|Any CPU
		{8E48983F-62D8-4900-B95A-7A5CDC843E5B}.Debug|Any CPU.ActiveCfg = Debug|Any CPU
		{8E48983F-62D8-4900-B95A-7A5CDC843E5B}.Debug|Any CPU.Build.0 = Debug|Any CPU
		{8E48983F-62D8-4900-B95A-7A5CDC843E5B}.Release|Any CPU.ActiveCfg = Release|Any CPU
		{8E48983F-62D8-4900-B95A-7A5CDC843E5B}.Release|Any CPU.Build.0 = Release|Any CPU
		{214A2068-9758-49FA-ADB6-C3454DF59367}.Debug|Any CPU.ActiveCfg = Debug|Any CPU
		{214A2068-9758-49FA-ADB6-C3454DF59367}.Debug|Any CPU.Build.0 = Debug|Any CPU
		{214A2068-9758-49FA-ADB6-C3454DF59367}.Release|Any CPU.ActiveCfg = Release|Any CPU
		{214A2068-9758-49FA-ADB6-C3454DF59367}.Release|Any CPU.Build.0 = Release|Any CPU
		{A2B9E326-4639-4F3E-9301-CA5C6BD17298}.Debug|Any CPU.ActiveCfg = Debug|Any CPU
		{A2B9E326-4639-4F3E-9301-CA5C6BD17298}.Debug|Any CPU.Build.0 = Debug|Any CPU
		{A2B9E326-4639-4F3E-9301-CA5C6BD17298}.Release|Any CPU.ActiveCfg = Release|Any CPU
		{A2B9E326-4639-4F3E-9301-CA5C6BD17298}.Release|Any CPU.Build.0 = Release|Any CPU
		{B46291D1-85C6-47FE-AC87-910C73772ED8}.Debug|Any CPU.ActiveCfg = Debug|Any CPU
		{B46291D1-85C6-47FE-AC87-910C73772ED8}.Debug|Any CPU.Build.0 = Debug|Any CPU
		{B46291D1-85C6-47FE-AC87-910C73772ED8}.Release|Any CPU.ActiveCfg = Release|Any CPU
		{B46291D1-85C6-47FE-AC87-910C73772ED8}.Release|Any CPU.Build.0 = Release|Any CPU
		{A46E4983-FE43-4224-A6A9-56892A66286B}.Debug|Any CPU.ActiveCfg = Debug|Any CPU
		{A46E4983-FE43-4224-A6A9-56892A66286B}.Debug|Any CPU.Build.0 = Debug|Any CPU
		{A46E4983-FE43-4224-A6A9-56892A66286B}.Release|Any CPU.ActiveCfg = Release|Any CPU
		{A46E4983-FE43-4224-A6A9-56892A66286B}.Release|Any CPU.Build.0 = Release|Any CPU
		{C8614077-A9DD-46B1-BD51-22C7D0F2F9AA}.Debug|Any CPU.ActiveCfg = Debug|Any CPU
		{C8614077-A9DD-46B1-BD51-22C7D0F2F9AA}.Debug|Any CPU.Build.0 = Debug|Any CPU
		{C8614077-A9DD-46B1-BD51-22C7D0F2F9AA}.Release|Any CPU.ActiveCfg = Release|Any CPU
		{C8614077-A9DD-46B1-BD51-22C7D0F2F9AA}.Release|Any CPU.Build.0 = Release|Any CPU
		{F3B296A5-3EEF-4916-9D55-BAFFF563624E}.Debug|Any CPU.ActiveCfg = Debug|Any CPU
		{F3B296A5-3EEF-4916-9D55-BAFFF563624E}.Debug|Any CPU.Build.0 = Debug|Any CPU
		{F3B296A5-3EEF-4916-9D55-BAFFF563624E}.Release|Any CPU.ActiveCfg = Release|Any CPU
		{F3B296A5-3EEF-4916-9D55-BAFFF563624E}.Release|Any CPU.Build.0 = Release|Any CPU
		{9EE6AC2A-5811-484F-8C23-0CF308AF3894}.Debug|Any CPU.ActiveCfg = Debug|Any CPU
		{9EE6AC2A-5811-484F-8C23-0CF308AF3894}.Debug|Any CPU.Build.0 = Debug|Any CPU
		{9EE6AC2A-5811-484F-8C23-0CF308AF3894}.Release|Any CPU.ActiveCfg = Release|Any CPU
		{9EE6AC2A-5811-484F-8C23-0CF308AF3894}.Release|Any CPU.Build.0 = Release|Any CPU
		{7AF607CA-1D2E-4B98-978D-EAF814E77FBC}.Debug|Any CPU.ActiveCfg = Debug|Any CPU
		{7AF607CA-1D2E-4B98-978D-EAF814E77FBC}.Debug|Any CPU.Build.0 = Debug|Any CPU
		{7AF607CA-1D2E-4B98-978D-EAF814E77FBC}.Release|Any CPU.ActiveCfg = Release|Any CPU
		{7AF607CA-1D2E-4B98-978D-EAF814E77FBC}.Release|Any CPU.Build.0 = Release|Any CPU
		{1629D073-4A84-4842-8A12-20C8EEC0AFD3}.Debug|Any CPU.ActiveCfg = Debug|Any CPU
		{1629D073-4A84-4842-8A12-20C8EEC0AFD3}.Debug|Any CPU.Build.0 = Debug|Any CPU
		{1629D073-4A84-4842-8A12-20C8EEC0AFD3}.Release|Any CPU.ActiveCfg = Release|Any CPU
		{1629D073-4A84-4842-8A12-20C8EEC0AFD3}.Release|Any CPU.Build.0 = Release|Any CPU
		{7F717E79-E78B-4295-9293-04DA5472B5B3}.Debug|Any CPU.ActiveCfg = Debug|Any CPU
		{7F717E79-E78B-4295-9293-04DA5472B5B3}.Debug|Any CPU.Build.0 = Debug|Any CPU
		{7F717E79-E78B-4295-9293-04DA5472B5B3}.Release|Any CPU.ActiveCfg = Release|Any CPU
		{7F717E79-E78B-4295-9293-04DA5472B5B3}.Release|Any CPU.Build.0 = Release|Any CPU
		{D68C4B4B-0781-45EF-A8B5-A54F459ADE2E}.Debug|Any CPU.ActiveCfg = Debug|Any CPU
		{D68C4B4B-0781-45EF-A8B5-A54F459ADE2E}.Debug|Any CPU.Build.0 = Debug|Any CPU
		{D68C4B4B-0781-45EF-A8B5-A54F459ADE2E}.Release|Any CPU.ActiveCfg = Release|Any CPU
		{D68C4B4B-0781-45EF-A8B5-A54F459ADE2E}.Release|Any CPU.Build.0 = Release|Any CPU
		{283AF5AF-B567-45EB-9610-2A785A1AB6AA}.Debug|Any CPU.ActiveCfg = Debug|Any CPU
		{283AF5AF-B567-45EB-9610-2A785A1AB6AA}.Debug|Any CPU.Build.0 = Debug|Any CPU
		{283AF5AF-B567-45EB-9610-2A785A1AB6AA}.Release|Any CPU.ActiveCfg = Release|Any CPU
		{283AF5AF-B567-45EB-9610-2A785A1AB6AA}.Release|Any CPU.Build.0 = Release|Any CPU
		{F1A0E819-4164-4C72-BFB6-09B0C22CA5D9}.Debug|Any CPU.ActiveCfg = Debug|Any CPU
		{F1A0E819-4164-4C72-BFB6-09B0C22CA5D9}.Debug|Any CPU.Build.0 = Debug|Any CPU
		{F1A0E819-4164-4C72-BFB6-09B0C22CA5D9}.Release|Any CPU.ActiveCfg = Release|Any CPU
		{F1A0E819-4164-4C72-BFB6-09B0C22CA5D9}.Release|Any CPU.Build.0 = Release|Any CPU
		{D4E92C64-F964-4DC0-9D54-DFEBED9952D1}.Debug|Any CPU.ActiveCfg = Debug|Any CPU
		{D4E92C64-F964-4DC0-9D54-DFEBED9952D1}.Debug|Any CPU.Build.0 = Debug|Any CPU
		{D4E92C64-F964-4DC0-9D54-DFEBED9952D1}.Release|Any CPU.ActiveCfg = Release|Any CPU
		{D4E92C64-F964-4DC0-9D54-DFEBED9952D1}.Release|Any CPU.Build.0 = Release|Any CPU
		{968B4687-209B-49CF-9DFC-D25471C07FD9}.Debug|Any CPU.ActiveCfg = Debug|Any CPU
		{968B4687-209B-49CF-9DFC-D25471C07FD9}.Debug|Any CPU.Build.0 = Debug|Any CPU
		{968B4687-209B-49CF-9DFC-D25471C07FD9}.Release|Any CPU.ActiveCfg = Release|Any CPU
		{968B4687-209B-49CF-9DFC-D25471C07FD9}.Release|Any CPU.Build.0 = Release|Any CPU
		{6592D507-C277-42D5-96E5-B7C6351E7D2F}.Debug|Any CPU.ActiveCfg = Debug|Any CPU
		{6592D507-C277-42D5-96E5-B7C6351E7D2F}.Debug|Any CPU.Build.0 = Debug|Any CPU
		{6592D507-C277-42D5-96E5-B7C6351E7D2F}.Release|Any CPU.ActiveCfg = Release|Any CPU
		{6592D507-C277-42D5-96E5-B7C6351E7D2F}.Release|Any CPU.Build.0 = Release|Any CPU
		{7515678A-AE79-43B5-9236-2A40AD7B5523}.Debug|Any CPU.ActiveCfg = Debug|Any CPU
		{7515678A-AE79-43B5-9236-2A40AD7B5523}.Debug|Any CPU.Build.0 = Debug|Any CPU
		{7515678A-AE79-43B5-9236-2A40AD7B5523}.Release|Any CPU.ActiveCfg = Release|Any CPU
		{7515678A-AE79-43B5-9236-2A40AD7B5523}.Release|Any CPU.Build.0 = Release|Any CPU
		{0F4D590A-2154-4B9C-A058-5A3AA8E531C0}.Debug|Any CPU.ActiveCfg = Debug|Any CPU
		{0F4D590A-2154-4B9C-A058-5A3AA8E531C0}.Debug|Any CPU.Build.0 = Debug|Any CPU
		{0F4D590A-2154-4B9C-A058-5A3AA8E531C0}.Release|Any CPU.ActiveCfg = Release|Any CPU
		{0F4D590A-2154-4B9C-A058-5A3AA8E531C0}.Release|Any CPU.Build.0 = Release|Any CPU
		{86F9825A-1466-4D55-8C31-197FAA2FE336}.Debug|Any CPU.ActiveCfg = Debug|Any CPU
		{86F9825A-1466-4D55-8C31-197FAA2FE336}.Debug|Any CPU.Build.0 = Debug|Any CPU
		{86F9825A-1466-4D55-8C31-197FAA2FE336}.Release|Any CPU.ActiveCfg = Release|Any CPU
		{86F9825A-1466-4D55-8C31-197FAA2FE336}.Release|Any CPU.Build.0 = Release|Any CPU
		{F5DD510C-6B04-440B-BB53-EBE27C5C561D}.Debug|Any CPU.ActiveCfg = Debug|Any CPU
		{F5DD510C-6B04-440B-BB53-EBE27C5C561D}.Debug|Any CPU.Build.0 = Debug|Any CPU
		{F5DD510C-6B04-440B-BB53-EBE27C5C561D}.Release|Any CPU.ActiveCfg = Release|Any CPU
		{F5DD510C-6B04-440B-BB53-EBE27C5C561D}.Release|Any CPU.Build.0 = Release|Any CPU
	EndGlobalSection
	GlobalSection(SolutionProperties) = preSolution
		HideSolutionNode = FALSE
	EndGlobalSection
	GlobalSection(NestedProjects) = preSolution
		{A72F0959-6B7E-41A3-8295-42D9166DFBEA} = {6BD8838E-552B-417B-8B30-841C712E6696}
		{8B5DC9BD-7E9C-498C-96B5-BDA460A1CC29} = {6BD8838E-552B-417B-8B30-841C712E6696}
		{E30E54F5-6C0A-4E75-906F-49FA317F26EC} = {CB427406-E3C9-402D-9C25-F35C450D7D2C}
		{F791AB81-450D-473C-A37F-7D388CC89C20} = {CB427406-E3C9-402D-9C25-F35C450D7D2C}
		{7827F798-B3C5-4432-9679-75E21F0CAB87} = {06CE1338-7D1F-4CA5-9936-65C31CED0F95}
		{C73C84FA-2AB5-429E-BA85-CDA4C199D974} = {06CE1338-7D1F-4CA5-9936-65C31CED0F95}
		{E85B9C73-8F2D-4FFB-A873-8863921DC52E} = {CB427406-E3C9-402D-9C25-F35C450D7D2C}
		{8E48983F-62D8-4900-B95A-7A5CDC843E5B} = {F8743F78-109F-4E69-BA71-02047B4BB2D6}
		{214A2068-9758-49FA-ADB6-C3454DF59367} = {CB427406-E3C9-402D-9C25-F35C450D7D2C}
		{A2B9E326-4639-4F3E-9301-CA5C6BD17298} = {6BD8838E-552B-417B-8B30-841C712E6696}
		{B46291D1-85C6-47FE-AC87-910C73772ED8} = {6BD8838E-552B-417B-8B30-841C712E6696}
		{A46E4983-FE43-4224-A6A9-56892A66286B} = {06CE1338-7D1F-4CA5-9936-65C31CED0F95}
		{C8614077-A9DD-46B1-BD51-22C7D0F2F9AA} = {F8743F78-109F-4E69-BA71-02047B4BB2D6}
		{F3B296A5-3EEF-4916-9D55-BAFFF563624E} = {06CE1338-7D1F-4CA5-9936-65C31CED0F95}
		{9EE6AC2A-5811-484F-8C23-0CF308AF3894} = {06CE1338-7D1F-4CA5-9936-65C31CED0F95}
		{7AF607CA-1D2E-4B98-978D-EAF814E77FBC} = {06CE1338-7D1F-4CA5-9936-65C31CED0F95}
		{1629D073-4A84-4842-8A12-20C8EEC0AFD3} = {06CE1338-7D1F-4CA5-9936-65C31CED0F95}
		{7F717E79-E78B-4295-9293-04DA5472B5B3} = {CB427406-E3C9-402D-9C25-F35C450D7D2C}
		{D68C4B4B-0781-45EF-A8B5-A54F459ADE2E} = {CB427406-E3C9-402D-9C25-F35C450D7D2C}
		{283AF5AF-B567-45EB-9610-2A785A1AB6AA} = {CB427406-E3C9-402D-9C25-F35C450D7D2C}
		{F1A0E819-4164-4C72-BFB6-09B0C22CA5D9} = {CB427406-E3C9-402D-9C25-F35C450D7D2C}
		{968B4687-209B-49CF-9DFC-D25471C07FD9} = {F8743F78-109F-4E69-BA71-02047B4BB2D6}
		{6592D507-C277-42D5-96E5-B7C6351E7D2F} = {B6463D88-968C-4EEB-A7B4-A56007B3FDF6}
		{7515678A-AE79-43B5-9236-2A40AD7B5523} = {F8743F78-109F-4E69-BA71-02047B4BB2D6}
		{0F4D590A-2154-4B9C-A058-5A3AA8E531C0} = {F8743F78-109F-4E69-BA71-02047B4BB2D6}
		{86F9825A-1466-4D55-8C31-197FAA2FE336} = {F8743F78-109F-4E69-BA71-02047B4BB2D6}
		{F5DD510C-6B04-440B-BB53-EBE27C5C561D} = {CB427406-E3C9-402D-9C25-F35C450D7D2C}
	EndGlobalSection
	GlobalSection(ExtensibilityGlobals) = postSolution
		SolutionGuid = {31C4F337-85EF-42F2-9358-F402619BBAE7}
	EndGlobalSection
EndGlobal
