
Microsoft Visual Studio Solution File, Format Version 12.00
# Visual Studio Version 17
VisualStudioVersion = 17.4.33122.133
MinimumVisualStudioVersion = 10.0.40219.1
Project("{9A19103F-16F7-4668-BE54-9A1E7A4F7556}") = "Polkanalysis.Domain.Contracts", "src\Domain\Polkanalysis.Domain.Contracts\Polkanalysis.Domain.Contracts.csproj", "{A72F0959-6B7E-41A3-8295-42D9166DFBEA}"
EndProject
Project("{2150E333-8FDC-42A3-9474-1A3956D46DE8}") = "00.Deployment", "00.Deployment", "{95DEEDB4-3C7D-4D06-9A97-CC16D7721152}"
EndProject
Project("{2150E333-8FDC-42A3-9474-1A3956D46DE8}") = "01.Application", "01.Application", "{CB427406-E3C9-402D-9C25-F35C450D7D2C}"
EndProject
Project("{2150E333-8FDC-42A3-9474-1A3956D46DE8}") = "03.Infrastructure", "03.Infrastructure", "{06CE1338-7D1F-4CA5-9936-65C31CED0F95}"
EndProject
Project("{2150E333-8FDC-42A3-9474-1A3956D46DE8}") = "04.Core", "04.Core", "{F8743F78-109F-4E69-BA71-02047B4BB2D6}"
EndProject
Project("{9A19103F-16F7-4668-BE54-9A1E7A4F7556}") = "Polkanalysis.Domain.Tests", "src\Domain\Polkanalysis.Domain.Tests\Polkanalysis.Domain.Tests.csproj", "{8B5DC9BD-7E9C-498C-96B5-BDA460A1CC29}"
EndProject
Project("{2150E333-8FDC-42A3-9474-1A3956D46DE8}") = "02.Domain", "02.Domain", "{6BD8838E-552B-417B-8B30-841C712E6696}"
EndProject
Project("{9A19103F-16F7-4668-BE54-9A1E7A4F7556}") = "Polkanalysis.Components", "src\Applications\Polkanalysis.Components\Polkanalysis.Components.csproj", "{F791AB81-450D-473C-A37F-7D388CC89C20}"
EndProject
Project("{9A19103F-16F7-4668-BE54-9A1E7A4F7556}") = "Polkanalysis.Infrastructure.Blockchain", "src\Infrastructure\Polkanalysis.Infrastructure.Blockchain\Polkanalysis.Infrastructure.Blockchain.csproj", "{7827F798-B3C5-4432-9679-75E21F0CAB87}"
EndProject
Project("{9A19103F-16F7-4668-BE54-9A1E7A4F7556}") = "Polkanalysis.Infrastructure.Blockchain.Tests", "src\Infrastructure\Polkanalysis.Infrastructure.Blockchain.Tests\Polkanalysis.Infrastructure.Blockchain.Tests.csproj", "{C73C84FA-2AB5-429E-BA85-CDA4C199D974}"
EndProject
Project("{9A19103F-16F7-4668-BE54-9A1E7A4F7556}") = "Polkanalysis.Components.Tests", "src\Applications\Polkanalysis.Components.Tests\Polkanalysis.Components.Tests.csproj", "{E85B9C73-8F2D-4FFB-A873-8863921DC52E}"
EndProject
Project("{2150E333-8FDC-42A3-9474-1A3956D46DE8}") = "Solution Items", "Solution Items", "{C3408C24-D6EC-4B44-B140-B8C1B3EF6D80}"
	ProjectSection(SolutionItems) = preProject
		.editorconfig = .editorconfig
		.gitattributes = .gitattributes
		.gitignore = .gitignore
		LICENSE.txt = LICENSE.txt
		README.md = README.md
		Roadmap.md = Roadmap.md
	EndProjectSection
EndProject
Project("{9A19103F-16F7-4668-BE54-9A1E7A4F7556}") = "Polkanalysis.Web.Tests", "src\Applications\Polkanalysis.Web.Tests\Polkanalysis.Web.Tests.csproj", "{214A2068-9758-49FA-ADB6-C3454DF59367}"
EndProject
Project("{9A19103F-16F7-4668-BE54-9A1E7A4F7556}") = "Polkanalysis.Domain", "src\Domain\Polkanalysis.Domain\Polkanalysis.Domain.csproj", "{A2B9E326-4639-4F3E-9301-CA5C6BD17298}"
EndProject
Project("{9A19103F-16F7-4668-BE54-9A1E7A4F7556}") = "Polkanalysis.Domain.Integration.Tests", "src\Domain\Polkanalysis.Domain.Integration.Tests\Polkanalysis.Domain.Integration.Tests.csproj", "{B46291D1-85C6-47FE-AC87-910C73772ED8}"
EndProject
Project("{9A19103F-16F7-4668-BE54-9A1E7A4F7556}") = "Polkanalysis.Infrastructure.Blockchain.Integration.Tests", "src\Infrastructure\Polkanalysis.Infrastructure.Blockchain.Integration.Tests\Polkanalysis.Infrastructure.Blockchain.Integration.Tests.csproj", "{A46E4983-FE43-4224-A6A9-56892A66286B}"
EndProject
Project("{9A19103F-16F7-4668-BE54-9A1E7A4F7556}") = "Polkanalysis.Infrastructure.Database", "src\Infrastructure\Polkanalysis.Infrastructure.Database\Polkanalysis.Infrastructure.Database.csproj", "{7AF607CA-1D2E-4B98-978D-EAF814E77FBC}"
EndProject
Project("{9A19103F-16F7-4668-BE54-9A1E7A4F7556}") = "Polkanalysis.Infrastructure.Database.Contracts", "src\Infrastructure\Polkanalysis.Infrastructure.Database.Contracts\Polkanalysis.Infrastructure.Database.Contracts.csproj", "{1629D073-4A84-4842-8A12-20C8EEC0AFD3}"
EndProject
Project("{9A19103F-16F7-4668-BE54-9A1E7A4F7556}") = "Polkanalysis.Worker", "src\Applications\Polkanalysis.Worker\Polkanalysis.Worker.csproj", "{7F717E79-E78B-4295-9293-04DA5472B5B3}"
EndProject
Project("{9A19103F-16F7-4668-BE54-9A1E7A4F7556}") = "Polkanalysis.Api", "src\Applications\Polkanalysis.Api\Polkanalysis.Api.csproj", "{D68C4B4B-0781-45EF-A8B5-A54F459ADE2E}"
EndProject
Project("{9A19103F-16F7-4668-BE54-9A1E7A4F7556}") = "Polkanalysis.Api.Tests", "src\Applications\Polkanalysis.Api.Tests\Polkanalysis.Api.Tests.csproj", "{283AF5AF-B567-45EB-9610-2A785A1AB6AA}"
EndProject
Project("{9A19103F-16F7-4668-BE54-9A1E7A4F7556}") = "Polkanalysis.Worker.Tests", "src\Applications\Polkanalysis.Worker.Tests\Polkanalysis.Worker.Tests.csproj", "{F1A0E819-4164-4C72-BFB6-09B0C22CA5D9}"
EndProject
Project("{9A19103F-16F7-4668-BE54-9A1E7A4F7556}") = "Substrate.NET.Utils", "src\Core\Substrate.NET.Utils\Substrate.NET.Utils\Substrate.NET.Utils.csproj", "{968B4687-209B-49CF-9DFC-D25471C07FD9}"
EndProject
Project("{9A19103F-16F7-4668-BE54-9A1E7A4F7556}") = "Polkanalysis.Configuration.Extensions", "src\Core\Polkanalysis.Configuration.Extensions\Polkanalysis.Configuration.Extensions.csproj", "{7515678A-AE79-43B5-9236-2A40AD7B5523}"
EndProject
Project("{9A19103F-16F7-4668-BE54-9A1E7A4F7556}") = "Polkanalysis.Configuration.Tests", "src\Core\Polkanalysis.Configuration.Tests\Polkanalysis.Configuration.Tests.csproj", "{86F9825A-1466-4D55-8C31-197FAA2FE336}"
EndProject
Project("{9A19103F-16F7-4668-BE54-9A1E7A4F7556}") = "Polkanalysis.WebApp", "src\Applications\Polkanalysis.WebApp\Polkanalysis.WebApp.csproj", "{F5DD510C-6B04-440B-BB53-EBE27C5C561D}"
EndProject
Project("{9A19103F-16F7-4668-BE54-9A1E7A4F7556}") = "Polkanalysis.Configuration.Contracts", "src\Core\Polkanalysis.Configuration.Contracts\Polkanalysis.Configuration.Contracts.csproj", "{D8EDB6A8-1993-4585-99E7-85A7D2333405}"
EndProject
Project("{2150E333-8FDC-42A3-9474-1A3956D46DE8}") = "Tests", "Tests", "{BF32D691-7EE7-46A9-AE31-CBFDC358A978}"
EndProject
Project("{2150E333-8FDC-42A3-9474-1A3956D46DE8}") = "Tests", "Tests", "{8DD9E693-FD82-4308-9D2A-9CEDABDA4954}"
EndProject
Project("{2150E333-8FDC-42A3-9474-1A3956D46DE8}") = "Tests", "Tests", "{AFAF2756-9527-4817-AD28-0799B544A4F6}"
EndProject
Project("{9A19103F-16F7-4668-BE54-9A1E7A4F7556}") = "Polkanalysis.Infrastructure.Database.Tests", "src\Infrastructure\Polkanalysis.Infrastructure.Database.Tests\Polkanalysis.Infrastructure.Database.Tests.csproj", "{1B02CAEB-37FC-4F3D-BE8F-CB994D150584}"
EndProject
Project("{2150E333-8FDC-42A3-9474-1A3956D46DE8}") = "Tests", "Tests", "{F54F8885-056B-4991-8E99-518851FC9CCF}"
EndProject
Project("{2150E333-8FDC-42A3-9474-1A3956D46DE8}") = "docker", "docker", "{3643934D-6D4A-498E-811E-FCA72BA3D2DF}"
	ProjectSection(SolutionItems) = preProject
		api.dockerfile = api.dockerfile
		docker-compose-webapp.yml = docker-compose-webapp.yml
		docker-compose-worker.yml = docker-compose-worker.yml
		docker-compose.yml = docker-compose.yml
		webapp.dockerfile = webapp.dockerfile
		worker.dockerfile = worker.dockerfile
	EndProjectSection
EndProject
Project("{9A19103F-16F7-4668-BE54-9A1E7A4F7556}") = "Polkanalysis.Architecture.Tests", "src\Core\Polkanalysis.Architecture.Tests\Polkanalysis.Architecture.Tests.csproj", "{4BDA2D65-B730-407E-A6ED-12B3F8A840C5}"
EndProject
Project("{9A19103F-16F7-4668-BE54-9A1E7A4F7556}") = "Polkanalysis.Infrastructure.Blockchain.Contracts", "src\Infrastructure\Polkanalysis.Infrastructure.Blockchain.Contracts\Polkanalysis.Infrastructure.Blockchain.Contracts.csproj", "{7331F10F-D1E9-4F9D-BBCB-358BCB32F839}"
EndProject
Project("{9A19103F-16F7-4668-BE54-9A1E7A4F7556}") = "Polkanalysis.Infrastructure.Blockchain.Internal", "src\Infrastructure\Polkanalysis.Infrastructure.Blockchain.Internal\Polkanalysis.Infrastructure.Blockchain.Internal.csproj", "{F1C68243-94C5-40BC-AA17-9315E751E7FF}"
EndProject
Project("{9A19103F-16F7-4668-BE54-9A1E7A4F7556}") = "Polkanalysis.App", "src\Applications\Polkanalysis.App\Polkanalysis.App.csproj", "{A35CD5A4-9FA6-4268-98C7-8B903A8FD6D6}"
EndProject
Project("{9A19103F-16F7-4668-BE54-9A1E7A4F7556}") = "Polkanalysis.Common", "src\Core\Polkanalysis.Common\Polkanalysis.Common.csproj", "{5E9ABA92-90D8-4E6D-BEBB-195B9AACF267}"
EndProject
Project("{9A19103F-16F7-4668-BE54-9A1E7A4F7556}") = "Polkanalysis.Common.Tests", "src\Core\Polkanalysis.Common.Tests\Polkanalysis.Common.Tests.csproj", "{81F9AC86-D103-4A5B-BCA6-8C4759A4B1E7}"
EndProject
Project("{E53339B2-1760-4266-BCC7-CA923CBCF16C}") = "docker-compose", "docker-compose.dcproj", "{D4E92C64-F964-4DC0-9D54-DFEBED9952D1}"
EndProject
Global
	GlobalSection(SolutionConfigurationPlatforms) = preSolution
		Debug|Any CPU = Debug|Any CPU
		Release|Any CPU = Release|Any CPU
	EndGlobalSection
	GlobalSection(ProjectConfigurationPlatforms) = postSolution
		{A72F0959-6B7E-41A3-8295-42D9166DFBEA}.Debug|Any CPU.ActiveCfg = Debug|Any CPU
		{A72F0959-6B7E-41A3-8295-42D9166DFBEA}.Debug|Any CPU.Build.0 = Debug|Any CPU
		{A72F0959-6B7E-41A3-8295-42D9166DFBEA}.Release|Any CPU.ActiveCfg = Release|Any CPU
		{A72F0959-6B7E-41A3-8295-42D9166DFBEA}.Release|Any CPU.Build.0 = Release|Any CPU
		{8B5DC9BD-7E9C-498C-96B5-BDA460A1CC29}.Debug|Any CPU.ActiveCfg = Debug|Any CPU
		{8B5DC9BD-7E9C-498C-96B5-BDA460A1CC29}.Debug|Any CPU.Build.0 = Debug|Any CPU
		{8B5DC9BD-7E9C-498C-96B5-BDA460A1CC29}.Release|Any CPU.ActiveCfg = Release|Any CPU
		{8B5DC9BD-7E9C-498C-96B5-BDA460A1CC29}.Release|Any CPU.Build.0 = Release|Any CPU
		{F791AB81-450D-473C-A37F-7D388CC89C20}.Debug|Any CPU.ActiveCfg = Debug|Any CPU
		{F791AB81-450D-473C-A37F-7D388CC89C20}.Debug|Any CPU.Build.0 = Debug|Any CPU
		{F791AB81-450D-473C-A37F-7D388CC89C20}.Release|Any CPU.ActiveCfg = Release|Any CPU
		{F791AB81-450D-473C-A37F-7D388CC89C20}.Release|Any CPU.Build.0 = Release|Any CPU
		{7827F798-B3C5-4432-9679-75E21F0CAB87}.Debug|Any CPU.ActiveCfg = Debug|Any CPU
		{7827F798-B3C5-4432-9679-75E21F0CAB87}.Debug|Any CPU.Build.0 = Debug|Any CPU
		{7827F798-B3C5-4432-9679-75E21F0CAB87}.Release|Any CPU.ActiveCfg = Release|Any CPU
		{7827F798-B3C5-4432-9679-75E21F0CAB87}.Release|Any CPU.Build.0 = Release|Any CPU
		{C73C84FA-2AB5-429E-BA85-CDA4C199D974}.Debug|Any CPU.ActiveCfg = Debug|Any CPU
		{C73C84FA-2AB5-429E-BA85-CDA4C199D974}.Debug|Any CPU.Build.0 = Debug|Any CPU
		{C73C84FA-2AB5-429E-BA85-CDA4C199D974}.Release|Any CPU.ActiveCfg = Release|Any CPU
		{C73C84FA-2AB5-429E-BA85-CDA4C199D974}.Release|Any CPU.Build.0 = Release|Any CPU
		{E85B9C73-8F2D-4FFB-A873-8863921DC52E}.Debug|Any CPU.ActiveCfg = Debug|Any CPU
		{E85B9C73-8F2D-4FFB-A873-8863921DC52E}.Debug|Any CPU.Build.0 = Debug|Any CPU
		{E85B9C73-8F2D-4FFB-A873-8863921DC52E}.Release|Any CPU.ActiveCfg = Release|Any CPU
		{E85B9C73-8F2D-4FFB-A873-8863921DC52E}.Release|Any CPU.Build.0 = Release|Any CPU
		{214A2068-9758-49FA-ADB6-C3454DF59367}.Debug|Any CPU.ActiveCfg = Debug|Any CPU
		{214A2068-9758-49FA-ADB6-C3454DF59367}.Debug|Any CPU.Build.0 = Debug|Any CPU
		{214A2068-9758-49FA-ADB6-C3454DF59367}.Release|Any CPU.ActiveCfg = Release|Any CPU
		{214A2068-9758-49FA-ADB6-C3454DF59367}.Release|Any CPU.Build.0 = Release|Any CPU
		{A2B9E326-4639-4F3E-9301-CA5C6BD17298}.Debug|Any CPU.ActiveCfg = Debug|Any CPU
		{A2B9E326-4639-4F3E-9301-CA5C6BD17298}.Debug|Any CPU.Build.0 = Debug|Any CPU
		{A2B9E326-4639-4F3E-9301-CA5C6BD17298}.Release|Any CPU.ActiveCfg = Release|Any CPU
		{A2B9E326-4639-4F3E-9301-CA5C6BD17298}.Release|Any CPU.Build.0 = Release|Any CPU
		{B46291D1-85C6-47FE-AC87-910C73772ED8}.Debug|Any CPU.ActiveCfg = Debug|Any CPU
		{B46291D1-85C6-47FE-AC87-910C73772ED8}.Debug|Any CPU.Build.0 = Debug|Any CPU
		{B46291D1-85C6-47FE-AC87-910C73772ED8}.Release|Any CPU.ActiveCfg = Release|Any CPU
		{B46291D1-85C6-47FE-AC87-910C73772ED8}.Release|Any CPU.Build.0 = Release|Any CPU
		{A46E4983-FE43-4224-A6A9-56892A66286B}.Debug|Any CPU.ActiveCfg = Debug|Any CPU
		{A46E4983-FE43-4224-A6A9-56892A66286B}.Debug|Any CPU.Build.0 = Debug|Any CPU
		{A46E4983-FE43-4224-A6A9-56892A66286B}.Release|Any CPU.ActiveCfg = Release|Any CPU
		{A46E4983-FE43-4224-A6A9-56892A66286B}.Release|Any CPU.Build.0 = Release|Any CPU
		{7AF607CA-1D2E-4B98-978D-EAF814E77FBC}.Debug|Any CPU.ActiveCfg = Debug|Any CPU
		{7AF607CA-1D2E-4B98-978D-EAF814E77FBC}.Debug|Any CPU.Build.0 = Debug|Any CPU
		{7AF607CA-1D2E-4B98-978D-EAF814E77FBC}.Release|Any CPU.ActiveCfg = Release|Any CPU
		{7AF607CA-1D2E-4B98-978D-EAF814E77FBC}.Release|Any CPU.Build.0 = Release|Any CPU
		{1629D073-4A84-4842-8A12-20C8EEC0AFD3}.Debug|Any CPU.ActiveCfg = Debug|Any CPU
		{1629D073-4A84-4842-8A12-20C8EEC0AFD3}.Debug|Any CPU.Build.0 = Debug|Any CPU
		{1629D073-4A84-4842-8A12-20C8EEC0AFD3}.Release|Any CPU.ActiveCfg = Release|Any CPU
		{1629D073-4A84-4842-8A12-20C8EEC0AFD3}.Release|Any CPU.Build.0 = Release|Any CPU
		{7F717E79-E78B-4295-9293-04DA5472B5B3}.Debug|Any CPU.ActiveCfg = Debug|Any CPU
		{7F717E79-E78B-4295-9293-04DA5472B5B3}.Debug|Any CPU.Build.0 = Debug|Any CPU
		{7F717E79-E78B-4295-9293-04DA5472B5B3}.Release|Any CPU.ActiveCfg = Release|Any CPU
		{7F717E79-E78B-4295-9293-04DA5472B5B3}.Release|Any CPU.Build.0 = Release|Any CPU
		{D68C4B4B-0781-45EF-A8B5-A54F459ADE2E}.Debug|Any CPU.ActiveCfg = Debug|Any CPU
		{D68C4B4B-0781-45EF-A8B5-A54F459ADE2E}.Debug|Any CPU.Build.0 = Debug|Any CPU
		{D68C4B4B-0781-45EF-A8B5-A54F459ADE2E}.Release|Any CPU.ActiveCfg = Release|Any CPU
		{D68C4B4B-0781-45EF-A8B5-A54F459ADE2E}.Release|Any CPU.Build.0 = Release|Any CPU
		{283AF5AF-B567-45EB-9610-2A785A1AB6AA}.Debug|Any CPU.ActiveCfg = Debug|Any CPU
		{283AF5AF-B567-45EB-9610-2A785A1AB6AA}.Debug|Any CPU.Build.0 = Debug|Any CPU
		{283AF5AF-B567-45EB-9610-2A785A1AB6AA}.Release|Any CPU.ActiveCfg = Release|Any CPU
		{283AF5AF-B567-45EB-9610-2A785A1AB6AA}.Release|Any CPU.Build.0 = Release|Any CPU
		{F1A0E819-4164-4C72-BFB6-09B0C22CA5D9}.Debug|Any CPU.ActiveCfg = Debug|Any CPU
		{F1A0E819-4164-4C72-BFB6-09B0C22CA5D9}.Debug|Any CPU.Build.0 = Debug|Any CPU
		{F1A0E819-4164-4C72-BFB6-09B0C22CA5D9}.Release|Any CPU.ActiveCfg = Release|Any CPU
		{F1A0E819-4164-4C72-BFB6-09B0C22CA5D9}.Release|Any CPU.Build.0 = Release|Any CPU
		{968B4687-209B-49CF-9DFC-D25471C07FD9}.Debug|Any CPU.ActiveCfg = Debug|Any CPU
		{968B4687-209B-49CF-9DFC-D25471C07FD9}.Debug|Any CPU.Build.0 = Debug|Any CPU
		{968B4687-209B-49CF-9DFC-D25471C07FD9}.Release|Any CPU.ActiveCfg = Release|Any CPU
		{968B4687-209B-49CF-9DFC-D25471C07FD9}.Release|Any CPU.Build.0 = Release|Any CPU
		{7515678A-AE79-43B5-9236-2A40AD7B5523}.Debug|Any CPU.ActiveCfg = Debug|Any CPU
		{7515678A-AE79-43B5-9236-2A40AD7B5523}.Debug|Any CPU.Build.0 = Debug|Any CPU
		{7515678A-AE79-43B5-9236-2A40AD7B5523}.Release|Any CPU.ActiveCfg = Release|Any CPU
		{7515678A-AE79-43B5-9236-2A40AD7B5523}.Release|Any CPU.Build.0 = Release|Any CPU
		{86F9825A-1466-4D55-8C31-197FAA2FE336}.Debug|Any CPU.ActiveCfg = Debug|Any CPU
		{86F9825A-1466-4D55-8C31-197FAA2FE336}.Debug|Any CPU.Build.0 = Debug|Any CPU
		{86F9825A-1466-4D55-8C31-197FAA2FE336}.Release|Any CPU.ActiveCfg = Release|Any CPU
		{86F9825A-1466-4D55-8C31-197FAA2FE336}.Release|Any CPU.Build.0 = Release|Any CPU
		{F5DD510C-6B04-440B-BB53-EBE27C5C561D}.Debug|Any CPU.ActiveCfg = Debug|Any CPU
		{F5DD510C-6B04-440B-BB53-EBE27C5C561D}.Debug|Any CPU.Build.0 = Debug|Any CPU
		{F5DD510C-6B04-440B-BB53-EBE27C5C561D}.Release|Any CPU.ActiveCfg = Release|Any CPU
		{F5DD510C-6B04-440B-BB53-EBE27C5C561D}.Release|Any CPU.Build.0 = Release|Any CPU
		{D8EDB6A8-1993-4585-99E7-85A7D2333405}.Debug|Any CPU.ActiveCfg = Debug|Any CPU
		{D8EDB6A8-1993-4585-99E7-85A7D2333405}.Debug|Any CPU.Build.0 = Debug|Any CPU
		{D8EDB6A8-1993-4585-99E7-85A7D2333405}.Release|Any CPU.ActiveCfg = Release|Any CPU
		{D8EDB6A8-1993-4585-99E7-85A7D2333405}.Release|Any CPU.Build.0 = Release|Any CPU
		{1B02CAEB-37FC-4F3D-BE8F-CB994D150584}.Debug|Any CPU.ActiveCfg = Debug|Any CPU
		{1B02CAEB-37FC-4F3D-BE8F-CB994D150584}.Debug|Any CPU.Build.0 = Debug|Any CPU
		{1B02CAEB-37FC-4F3D-BE8F-CB994D150584}.Release|Any CPU.ActiveCfg = Release|Any CPU
		{1B02CAEB-37FC-4F3D-BE8F-CB994D150584}.Release|Any CPU.Build.0 = Release|Any CPU
		{4BDA2D65-B730-407E-A6ED-12B3F8A840C5}.Debug|Any CPU.ActiveCfg = Debug|Any CPU
		{4BDA2D65-B730-407E-A6ED-12B3F8A840C5}.Debug|Any CPU.Build.0 = Debug|Any CPU
		{4BDA2D65-B730-407E-A6ED-12B3F8A840C5}.Release|Any CPU.ActiveCfg = Release|Any CPU
		{4BDA2D65-B730-407E-A6ED-12B3F8A840C5}.Release|Any CPU.Build.0 = Release|Any CPU
		{7331F10F-D1E9-4F9D-BBCB-358BCB32F839}.Debug|Any CPU.ActiveCfg = Debug|Any CPU
		{7331F10F-D1E9-4F9D-BBCB-358BCB32F839}.Debug|Any CPU.Build.0 = Debug|Any CPU
		{7331F10F-D1E9-4F9D-BBCB-358BCB32F839}.Release|Any CPU.ActiveCfg = Release|Any CPU
		{7331F10F-D1E9-4F9D-BBCB-358BCB32F839}.Release|Any CPU.Build.0 = Release|Any CPU
		{F1C68243-94C5-40BC-AA17-9315E751E7FF}.Debug|Any CPU.ActiveCfg = Debug|Any CPU
		{F1C68243-94C5-40BC-AA17-9315E751E7FF}.Debug|Any CPU.Build.0 = Debug|Any CPU
		{F1C68243-94C5-40BC-AA17-9315E751E7FF}.Release|Any CPU.ActiveCfg = Release|Any CPU
		{F1C68243-94C5-40BC-AA17-9315E751E7FF}.Release|Any CPU.Build.0 = Release|Any CPU
		{A35CD5A4-9FA6-4268-98C7-8B903A8FD6D6}.Debug|Any CPU.ActiveCfg = Debug|Any CPU
		{A35CD5A4-9FA6-4268-98C7-8B903A8FD6D6}.Debug|Any CPU.Build.0 = Debug|Any CPU
		{A35CD5A4-9FA6-4268-98C7-8B903A8FD6D6}.Release|Any CPU.ActiveCfg = Release|Any CPU
		{A35CD5A4-9FA6-4268-98C7-8B903A8FD6D6}.Release|Any CPU.Build.0 = Release|Any CPU
		{5E9ABA92-90D8-4E6D-BEBB-195B9AACF267}.Debug|Any CPU.ActiveCfg = Debug|Any CPU
		{5E9ABA92-90D8-4E6D-BEBB-195B9AACF267}.Debug|Any CPU.Build.0 = Debug|Any CPU
		{5E9ABA92-90D8-4E6D-BEBB-195B9AACF267}.Release|Any CPU.ActiveCfg = Release|Any CPU
		{5E9ABA92-90D8-4E6D-BEBB-195B9AACF267}.Release|Any CPU.Build.0 = Release|Any CPU
		{81F9AC86-D103-4A5B-BCA6-8C4759A4B1E7}.Debug|Any CPU.ActiveCfg = Debug|Any CPU
		{81F9AC86-D103-4A5B-BCA6-8C4759A4B1E7}.Debug|Any CPU.Build.0 = Debug|Any CPU
		{81F9AC86-D103-4A5B-BCA6-8C4759A4B1E7}.Release|Any CPU.ActiveCfg = Release|Any CPU
		{81F9AC86-D103-4A5B-BCA6-8C4759A4B1E7}.Release|Any CPU.Build.0 = Release|Any CPU
		{D4E92C64-F964-4DC0-9D54-DFEBED9952D1}.Debug|Any CPU.ActiveCfg = Debug|Any CPU
		{D4E92C64-F964-4DC0-9D54-DFEBED9952D1}.Debug|Any CPU.Build.0 = Debug|Any CPU
		{D4E92C64-F964-4DC0-9D54-DFEBED9952D1}.Release|Any CPU.ActiveCfg = Release|Any CPU
		{D4E92C64-F964-4DC0-9D54-DFEBED9952D1}.Release|Any CPU.Build.0 = Release|Any CPU
	EndGlobalSection
	GlobalSection(SolutionProperties) = preSolution
		HideSolutionNode = FALSE
	EndGlobalSection
	GlobalSection(NestedProjects) = preSolution
		{A72F0959-6B7E-41A3-8295-42D9166DFBEA} = {6BD8838E-552B-417B-8B30-841C712E6696}
		{8B5DC9BD-7E9C-498C-96B5-BDA460A1CC29} = {8DD9E693-FD82-4308-9D2A-9CEDABDA4954}
		{F791AB81-450D-473C-A37F-7D388CC89C20} = {CB427406-E3C9-402D-9C25-F35C450D7D2C}
		{7827F798-B3C5-4432-9679-75E21F0CAB87} = {06CE1338-7D1F-4CA5-9936-65C31CED0F95}
		{C73C84FA-2AB5-429E-BA85-CDA4C199D974} = {AFAF2756-9527-4817-AD28-0799B544A4F6}
		{E85B9C73-8F2D-4FFB-A873-8863921DC52E} = {BF32D691-7EE7-46A9-AE31-CBFDC358A978}
		{214A2068-9758-49FA-ADB6-C3454DF59367} = {BF32D691-7EE7-46A9-AE31-CBFDC358A978}
		{A2B9E326-4639-4F3E-9301-CA5C6BD17298} = {6BD8838E-552B-417B-8B30-841C712E6696}
		{B46291D1-85C6-47FE-AC87-910C73772ED8} = {8DD9E693-FD82-4308-9D2A-9CEDABDA4954}
		{A46E4983-FE43-4224-A6A9-56892A66286B} = {AFAF2756-9527-4817-AD28-0799B544A4F6}
		{7AF607CA-1D2E-4B98-978D-EAF814E77FBC} = {06CE1338-7D1F-4CA5-9936-65C31CED0F95}
		{1629D073-4A84-4842-8A12-20C8EEC0AFD3} = {06CE1338-7D1F-4CA5-9936-65C31CED0F95}
		{7F717E79-E78B-4295-9293-04DA5472B5B3} = {CB427406-E3C9-402D-9C25-F35C450D7D2C}
		{D68C4B4B-0781-45EF-A8B5-A54F459ADE2E} = {CB427406-E3C9-402D-9C25-F35C450D7D2C}
		{283AF5AF-B567-45EB-9610-2A785A1AB6AA} = {BF32D691-7EE7-46A9-AE31-CBFDC358A978}
		{F1A0E819-4164-4C72-BFB6-09B0C22CA5D9} = {BF32D691-7EE7-46A9-AE31-CBFDC358A978}
		{968B4687-209B-49CF-9DFC-D25471C07FD9} = {F8743F78-109F-4E69-BA71-02047B4BB2D6}
		{7515678A-AE79-43B5-9236-2A40AD7B5523} = {F8743F78-109F-4E69-BA71-02047B4BB2D6}
		{86F9825A-1466-4D55-8C31-197FAA2FE336} = {F54F8885-056B-4991-8E99-518851FC9CCF}
		{F5DD510C-6B04-440B-BB53-EBE27C5C561D} = {CB427406-E3C9-402D-9C25-F35C450D7D2C}
		{D8EDB6A8-1993-4585-99E7-85A7D2333405} = {F8743F78-109F-4E69-BA71-02047B4BB2D6}
		{BF32D691-7EE7-46A9-AE31-CBFDC358A978} = {CB427406-E3C9-402D-9C25-F35C450D7D2C}
		{8DD9E693-FD82-4308-9D2A-9CEDABDA4954} = {6BD8838E-552B-417B-8B30-841C712E6696}
		{AFAF2756-9527-4817-AD28-0799B544A4F6} = {06CE1338-7D1F-4CA5-9936-65C31CED0F95}
		{1B02CAEB-37FC-4F3D-BE8F-CB994D150584} = {AFAF2756-9527-4817-AD28-0799B544A4F6}
		{F54F8885-056B-4991-8E99-518851FC9CCF} = {F8743F78-109F-4E69-BA71-02047B4BB2D6}
		{3643934D-6D4A-498E-811E-FCA72BA3D2DF} = {95DEEDB4-3C7D-4D06-9A97-CC16D7721152}
		{4BDA2D65-B730-407E-A6ED-12B3F8A840C5} = {F54F8885-056B-4991-8E99-518851FC9CCF}
		{7331F10F-D1E9-4F9D-BBCB-358BCB32F839} = {06CE1338-7D1F-4CA5-9936-65C31CED0F95}
		{F1C68243-94C5-40BC-AA17-9315E751E7FF} = {06CE1338-7D1F-4CA5-9936-65C31CED0F95}
		{A35CD5A4-9FA6-4268-98C7-8B903A8FD6D6} = {CB427406-E3C9-402D-9C25-F35C450D7D2C}
		{5E9ABA92-90D8-4E6D-BEBB-195B9AACF267} = {F8743F78-109F-4E69-BA71-02047B4BB2D6}
		{81F9AC86-D103-4A5B-BCA6-8C4759A4B1E7} = {F54F8885-056B-4991-8E99-518851FC9CCF}
	EndGlobalSection
	GlobalSection(ExtensibilityGlobals) = postSolution
		SolutionGuid = {31C4F337-85EF-42F2-9358-F402619BBAE7}
	EndGlobalSection
EndGlobal
