
Microsoft Visual Studio Solution File, Format Version 12.00
# Visual Studio Version 17
VisualStudioVersion = 17.4.33122.133
MinimumVisualStudioVersion = 10.0.40219.1
Project("{9A19103F-16F7-4668-BE54-9A1E7A4F7556}") = "Substats.Domain.Contracts", "Substats.Domain.Contracts\Substats.Domain.Contracts.csproj", "{A72F0959-6B7E-41A3-8295-42D9166DFBEA}"
EndProject
Project("{2150E333-8FDC-42A3-9474-1A3956D46DE8}") = "00.Deployment", "00.Deployment", "{95DEEDB4-3C7D-4D06-9A97-CC16D7721152}"
EndProject
Project("{2150E333-8FDC-42A3-9474-1A3956D46DE8}") = "01.Application", "01.Application", "{CB427406-E3C9-402D-9C25-F35C450D7D2C}"
EndProject
Project("{2150E333-8FDC-42A3-9474-1A3956D46DE8}") = "03.Infrastructure", "03.Infrastructure", "{06CE1338-7D1F-4CA5-9936-65C31CED0F95}"
EndProject
Project("{2150E333-8FDC-42A3-9474-1A3956D46DE8}") = "04.Core", "04.Core", "{F8743F78-109F-4E69-BA71-02047B4BB2D6}"
EndProject
Project("{9A19103F-16F7-4668-BE54-9A1E7A4F7556}") = "Substats.Domain.Tests", "Substats.Domain.Tests\Substats.Domain.Tests.csproj", "{8B5DC9BD-7E9C-498C-96B5-BDA460A1CC29}"
EndProject
Project("{2150E333-8FDC-42A3-9474-1A3956D46DE8}") = "02.Domain", "02.Domain", "{6BD8838E-552B-417B-8B30-841C712E6696}"
EndProject
Project("{9A19103F-16F7-4668-BE54-9A1E7A4F7556}") = "Substats.Maui", "Substats.Maui\Substats.Maui.csproj", "{C9964890-7AC4-43BE-9050-26E1C9AD47F2}"
EndProject
Project("{9A19103F-16F7-4668-BE54-9A1E7A4F7556}") = "Substats.AjunaExtension", "Substats.AjunaExtension\Substats.AjunaExtension.csproj", "{335051EA-09D2-413E-A3D5-13C6A1DC5E6E}"
EndProject
Project("{9A19103F-16F7-4668-BE54-9A1E7A4F7556}") = "Substats.Web", "Substats.Web\Substats.Web.csproj", "{E30E54F5-6C0A-4E75-906F-49FA317F26EC}"
EndProject
Project("{9A19103F-16F7-4668-BE54-9A1E7A4F7556}") = "Substats.Components", "Substats.Components\Substats.Components.csproj", "{F791AB81-450D-473C-A37F-7D388CC89C20}"
EndProject
Project("{9A19103F-16F7-4668-BE54-9A1E7A4F7556}") = "Substats.Infrastructure.Polkadot", "Substats.Infrastructure.Polkadot\Substats.Infrastructure.Polkadot.csproj", "{7827F798-B3C5-4432-9679-75E21F0CAB87}"
EndProject
Project("{9A19103F-16F7-4668-BE54-9A1E7A4F7556}") = "Substats.Infrastructure.Mock", "Substats.Infrastructure.Mock\Substats.Infrastructure.Mock.csproj", "{F812F3DC-7B68-4D6F-802F-CBF2EE4C1869}"
EndProject
Project("{9A19103F-16F7-4668-BE54-9A1E7A4F7556}") = "Substats.Infrastructure.Tests", "Substats.Infrastructure.Tests\Substats.Infrastructure.Tests.csproj", "{C73C84FA-2AB5-429E-BA85-CDA4C199D974}"
EndProject
Project("{9A19103F-16F7-4668-BE54-9A1E7A4F7556}") = "Substats.Components.Tests", "Substats.Components.Tests\Substats.Components.Tests.csproj", "{E85B9C73-8F2D-4FFB-A873-8863921DC52E}"
EndProject
Project("{9A19103F-16F7-4668-BE54-9A1E7A4F7556}") = "ConsoleTest", "ConsoleTest\ConsoleTest.csproj", "{8E48983F-62D8-4900-B95A-7A5CDC843E5B}"
EndProject
Project("{2150E333-8FDC-42A3-9474-1A3956D46DE8}") = "Solution Items", "Solution Items", "{C3408C24-D6EC-4B44-B140-B8C1B3EF6D80}"
	ProjectSection(SolutionItems) = preProject
		.editorconfig = .editorconfig
		.gitattributes = .gitattributes
		.gitignore = .gitignore
		LICENSE.txt = LICENSE.txt
		README.md = README.md
		Roadmap.md = Roadmap.md
	EndProjectSection
EndProject
Project("{9A19103F-16F7-4668-BE54-9A1E7A4F7556}") = "Substats.Web.Tests", "Substats.Web.Tests\Substats.Web.Tests.csproj", "{214A2068-9758-49FA-ADB6-C3454DF59367}"
EndProject
Project("{9A19103F-16F7-4668-BE54-9A1E7A4F7556}") = "Substats.Domain", "Substats.Domain\Substats.Domain.csproj", "{A2B9E326-4639-4F3E-9301-CA5C6BD17298}"
EndProject
Project("{9A19103F-16F7-4668-BE54-9A1E7A4F7556}") = "Substats.Polkadot.NetApiExt", "Substats.Polkadot.NetApiExt\Substats.Polkadot.NetApiExt.csproj", "{898FC3F3-39ED-4C3D-A010-61F74D1335E3}"
EndProject
Project("{9A19103F-16F7-4668-BE54-9A1E7A4F7556}") = "Substats.Bajun.NetApiExt", "Substats.Bajun.NetApiExt\Substats.Bajun.NetApiExt.csproj", "{50624445-5704-4CF9-A520-FCFBCE404FF1}"
EndProject
Project("{9A19103F-16F7-4668-BE54-9A1E7A4F7556}") = "Substats.Kusama.NetApiExt", "Substats.Kusama.NetApiExt\Substats.Kusama.NetApiExt.csproj", "{3B8E53DA-2735-4E87-AEDB-42F4DAA8EA39}"
EndProject
Project("{9A19103F-16F7-4668-BE54-9A1E7A4F7556}") = "Substats.Domain.Integration.Tests", "Substats.Domain.Integration.Tests\Substats.Domain.Integration.Tests.csproj", "{B46291D1-85C6-47FE-AC87-910C73772ED8}"
EndProject
Project("{9A19103F-16F7-4668-BE54-9A1E7A4F7556}") = "Substats.Infrastructure.Integration.Tests", "Substats.Infrastructure.Integration.Tests\Substats.Infrastructure.Integration.Tests.csproj", "{A46E4983-FE43-4224-A6A9-56892A66286B}"
EndProject
Project("{9A19103F-16F7-4668-BE54-9A1E7A4F7556}") = "Substats.Configuration.Contracts", "Substats.Configuration.Contracts\Substats.Configuration.Contracts.csproj", "{3B261EEB-01E2-41D3-AA57-056019BE9629}"
EndProject
Project("{9A19103F-16F7-4668-BE54-9A1E7A4F7556}") = "Substats.Integration.Tests.Contracts", "Substats.Integration.Tests.Contracts\Substats.Integration.Tests.Contracts.csproj", "{C8614077-A9DD-46B1-BD51-22C7D0F2F9AA}"
EndProject
Project("{9A19103F-16F7-4668-BE54-9A1E7A4F7556}") = "Substats.Configuration.Tests", "Substats.Configuration.Tests\Substats.Configuration.Tests.csproj", "{58704B38-B29E-4D38-A24C-57FD98F15EFC}"
EndProject
Project("{9A19103F-16F7-4668-BE54-9A1E7A4F7556}") = "Substats.Configuration.Extentions", "Substats.Configuration.Extentions\Substats.Configuration.Extentions.csproj", "{41741FB9-B6A9-41A2-A26B-DE030A65E7EA}"
EndProject
Project("{2150E333-8FDC-42A3-9474-1A3956D46DE8}") = "05.Blockchains", "05.Blockchains", "{B6463D88-968C-4EEB-A7B4-A56007B3FDF6}"
EndProject
Global
	GlobalSection(SolutionConfigurationPlatforms) = preSolution
		Debug|Any CPU = Debug|Any CPU
		Release|Any CPU = Release|Any CPU
	EndGlobalSection
	GlobalSection(ProjectConfigurationPlatforms) = postSolution
		{A72F0959-6B7E-41A3-8295-42D9166DFBEA}.Debug|Any CPU.ActiveCfg = Debug|Any CPU
		{A72F0959-6B7E-41A3-8295-42D9166DFBEA}.Debug|Any CPU.Build.0 = Debug|Any CPU
		{A72F0959-6B7E-41A3-8295-42D9166DFBEA}.Release|Any CPU.ActiveCfg = Release|Any CPU
		{A72F0959-6B7E-41A3-8295-42D9166DFBEA}.Release|Any CPU.Build.0 = Release|Any CPU
		{8B5DC9BD-7E9C-498C-96B5-BDA460A1CC29}.Debug|Any CPU.ActiveCfg = Debug|Any CPU
		{8B5DC9BD-7E9C-498C-96B5-BDA460A1CC29}.Debug|Any CPU.Build.0 = Debug|Any CPU
		{8B5DC9BD-7E9C-498C-96B5-BDA460A1CC29}.Release|Any CPU.ActiveCfg = Release|Any CPU
		{8B5DC9BD-7E9C-498C-96B5-BDA460A1CC29}.Release|Any CPU.Build.0 = Release|Any CPU
		{C9964890-7AC4-43BE-9050-26E1C9AD47F2}.Debug|Any CPU.ActiveCfg = Debug|Any CPU
		{C9964890-7AC4-43BE-9050-26E1C9AD47F2}.Debug|Any CPU.Build.0 = Debug|Any CPU
		{C9964890-7AC4-43BE-9050-26E1C9AD47F2}.Debug|Any CPU.Deploy.0 = Debug|Any CPU
		{C9964890-7AC4-43BE-9050-26E1C9AD47F2}.Release|Any CPU.ActiveCfg = Release|Any CPU
		{C9964890-7AC4-43BE-9050-26E1C9AD47F2}.Release|Any CPU.Build.0 = Release|Any CPU
		{C9964890-7AC4-43BE-9050-26E1C9AD47F2}.Release|Any CPU.Deploy.0 = Release|Any CPU
		{335051EA-09D2-413E-A3D5-13C6A1DC5E6E}.Debug|Any CPU.ActiveCfg = Debug|Any CPU
		{335051EA-09D2-413E-A3D5-13C6A1DC5E6E}.Debug|Any CPU.Build.0 = Debug|Any CPU
		{335051EA-09D2-413E-A3D5-13C6A1DC5E6E}.Release|Any CPU.ActiveCfg = Release|Any CPU
		{335051EA-09D2-413E-A3D5-13C6A1DC5E6E}.Release|Any CPU.Build.0 = Release|Any CPU
		{E30E54F5-6C0A-4E75-906F-49FA317F26EC}.Debug|Any CPU.ActiveCfg = Debug|Any CPU
		{E30E54F5-6C0A-4E75-906F-49FA317F26EC}.Debug|Any CPU.Build.0 = Debug|Any CPU
		{E30E54F5-6C0A-4E75-906F-49FA317F26EC}.Release|Any CPU.ActiveCfg = Release|Any CPU
		{E30E54F5-6C0A-4E75-906F-49FA317F26EC}.Release|Any CPU.Build.0 = Release|Any CPU
		{F791AB81-450D-473C-A37F-7D388CC89C20}.Debug|Any CPU.ActiveCfg = Debug|Any CPU
		{F791AB81-450D-473C-A37F-7D388CC89C20}.Debug|Any CPU.Build.0 = Debug|Any CPU
		{F791AB81-450D-473C-A37F-7D388CC89C20}.Release|Any CPU.ActiveCfg = Release|Any CPU
		{F791AB81-450D-473C-A37F-7D388CC89C20}.Release|Any CPU.Build.0 = Release|Any CPU
		{7827F798-B3C5-4432-9679-75E21F0CAB87}.Debug|Any CPU.ActiveCfg = Debug|Any CPU
		{7827F798-B3C5-4432-9679-75E21F0CAB87}.Debug|Any CPU.Build.0 = Debug|Any CPU
		{7827F798-B3C5-4432-9679-75E21F0CAB87}.Release|Any CPU.ActiveCfg = Release|Any CPU
		{7827F798-B3C5-4432-9679-75E21F0CAB87}.Release|Any CPU.Build.0 = Release|Any CPU
		{F812F3DC-7B68-4D6F-802F-CBF2EE4C1869}.Debug|Any CPU.ActiveCfg = Debug|Any CPU
		{F812F3DC-7B68-4D6F-802F-CBF2EE4C1869}.Debug|Any CPU.Build.0 = Debug|Any CPU
		{F812F3DC-7B68-4D6F-802F-CBF2EE4C1869}.Release|Any CPU.ActiveCfg = Release|Any CPU
		{F812F3DC-7B68-4D6F-802F-CBF2EE4C1869}.Release|Any CPU.Build.0 = Release|Any CPU
		{C73C84FA-2AB5-429E-BA85-CDA4C199D974}.Debug|Any CPU.ActiveCfg = Debug|Any CPU
		{C73C84FA-2AB5-429E-BA85-CDA4C199D974}.Debug|Any CPU.Build.0 = Debug|Any CPU
		{C73C84FA-2AB5-429E-BA85-CDA4C199D974}.Release|Any CPU.ActiveCfg = Release|Any CPU
		{C73C84FA-2AB5-429E-BA85-CDA4C199D974}.Release|Any CPU.Build.0 = Release|Any CPU
		{E85B9C73-8F2D-4FFB-A873-8863921DC52E}.Debug|Any CPU.ActiveCfg = Debug|Any CPU
		{E85B9C73-8F2D-4FFB-A873-8863921DC52E}.Debug|Any CPU.Build.0 = Debug|Any CPU
		{E85B9C73-8F2D-4FFB-A873-8863921DC52E}.Release|Any CPU.ActiveCfg = Release|Any CPU
		{E85B9C73-8F2D-4FFB-A873-8863921DC52E}.Release|Any CPU.Build.0 = Release|Any CPU
		{8E48983F-62D8-4900-B95A-7A5CDC843E5B}.Debug|Any CPU.ActiveCfg = Debug|Any CPU
		{8E48983F-62D8-4900-B95A-7A5CDC843E5B}.Debug|Any CPU.Build.0 = Debug|Any CPU
		{8E48983F-62D8-4900-B95A-7A5CDC843E5B}.Release|Any CPU.ActiveCfg = Release|Any CPU
		{8E48983F-62D8-4900-B95A-7A5CDC843E5B}.Release|Any CPU.Build.0 = Release|Any CPU
		{214A2068-9758-49FA-ADB6-C3454DF59367}.Debug|Any CPU.ActiveCfg = Debug|Any CPU
		{214A2068-9758-49FA-ADB6-C3454DF59367}.Debug|Any CPU.Build.0 = Debug|Any CPU
		{214A2068-9758-49FA-ADB6-C3454DF59367}.Release|Any CPU.ActiveCfg = Release|Any CPU
		{214A2068-9758-49FA-ADB6-C3454DF59367}.Release|Any CPU.Build.0 = Release|Any CPU
		{A2B9E326-4639-4F3E-9301-CA5C6BD17298}.Debug|Any CPU.ActiveCfg = Debug|Any CPU
		{A2B9E326-4639-4F3E-9301-CA5C6BD17298}.Debug|Any CPU.Build.0 = Debug|Any CPU
		{A2B9E326-4639-4F3E-9301-CA5C6BD17298}.Release|Any CPU.ActiveCfg = Release|Any CPU
		{A2B9E326-4639-4F3E-9301-CA5C6BD17298}.Release|Any CPU.Build.0 = Release|Any CPU
		{898FC3F3-39ED-4C3D-A010-61F74D1335E3}.Debug|Any CPU.ActiveCfg = Debug|Any CPU
		{898FC3F3-39ED-4C3D-A010-61F74D1335E3}.Debug|Any CPU.Build.0 = Debug|Any CPU
		{898FC3F3-39ED-4C3D-A010-61F74D1335E3}.Release|Any CPU.ActiveCfg = Release|Any CPU
		{898FC3F3-39ED-4C3D-A010-61F74D1335E3}.Release|Any CPU.Build.0 = Release|Any CPU
		{50624445-5704-4CF9-A520-FCFBCE404FF1}.Debug|Any CPU.ActiveCfg = Debug|Any CPU
		{50624445-5704-4CF9-A520-FCFBCE404FF1}.Debug|Any CPU.Build.0 = Debug|Any CPU
		{50624445-5704-4CF9-A520-FCFBCE404FF1}.Release|Any CPU.ActiveCfg = Release|Any CPU
		{50624445-5704-4CF9-A520-FCFBCE404FF1}.Release|Any CPU.Build.0 = Release|Any CPU
		{3B8E53DA-2735-4E87-AEDB-42F4DAA8EA39}.Debug|Any CPU.ActiveCfg = Debug|Any CPU
		{3B8E53DA-2735-4E87-AEDB-42F4DAA8EA39}.Debug|Any CPU.Build.0 = Debug|Any CPU
		{3B8E53DA-2735-4E87-AEDB-42F4DAA8EA39}.Release|Any CPU.ActiveCfg = Release|Any CPU
		{3B8E53DA-2735-4E87-AEDB-42F4DAA8EA39}.Release|Any CPU.Build.0 = Release|Any CPU
		{B46291D1-85C6-47FE-AC87-910C73772ED8}.Debug|Any CPU.ActiveCfg = Debug|Any CPU
		{B46291D1-85C6-47FE-AC87-910C73772ED8}.Debug|Any CPU.Build.0 = Debug|Any CPU
		{B46291D1-85C6-47FE-AC87-910C73772ED8}.Release|Any CPU.ActiveCfg = Release|Any CPU
		{B46291D1-85C6-47FE-AC87-910C73772ED8}.Release|Any CPU.Build.0 = Release|Any CPU
		{A46E4983-FE43-4224-A6A9-56892A66286B}.Debug|Any CPU.ActiveCfg = Debug|Any CPU
		{A46E4983-FE43-4224-A6A9-56892A66286B}.Debug|Any CPU.Build.0 = Debug|Any CPU
		{A46E4983-FE43-4224-A6A9-56892A66286B}.Release|Any CPU.ActiveCfg = Release|Any CPU
		{A46E4983-FE43-4224-A6A9-56892A66286B}.Release|Any CPU.Build.0 = Release|Any CPU
		{3B261EEB-01E2-41D3-AA57-056019BE9629}.Debug|Any CPU.ActiveCfg = Debug|Any CPU
		{3B261EEB-01E2-41D3-AA57-056019BE9629}.Debug|Any CPU.Build.0 = Debug|Any CPU
		{3B261EEB-01E2-41D3-AA57-056019BE9629}.Release|Any CPU.ActiveCfg = Release|Any CPU
		{3B261EEB-01E2-41D3-AA57-056019BE9629}.Release|Any CPU.Build.0 = Release|Any CPU
		{C8614077-A9DD-46B1-BD51-22C7D0F2F9AA}.Debug|Any CPU.ActiveCfg = Debug|Any CPU
		{C8614077-A9DD-46B1-BD51-22C7D0F2F9AA}.Debug|Any CPU.Build.0 = Debug|Any CPU
		{C8614077-A9DD-46B1-BD51-22C7D0F2F9AA}.Release|Any CPU.ActiveCfg = Release|Any CPU
		{C8614077-A9DD-46B1-BD51-22C7D0F2F9AA}.Release|Any CPU.Build.0 = Release|Any CPU
		{58704B38-B29E-4D38-A24C-57FD98F15EFC}.Debug|Any CPU.ActiveCfg = Debug|Any CPU
		{58704B38-B29E-4D38-A24C-57FD98F15EFC}.Debug|Any CPU.Build.0 = Debug|Any CPU
		{58704B38-B29E-4D38-A24C-57FD98F15EFC}.Release|Any CPU.ActiveCfg = Release|Any CPU
		{58704B38-B29E-4D38-A24C-57FD98F15EFC}.Release|Any CPU.Build.0 = Release|Any CPU
		{41741FB9-B6A9-41A2-A26B-DE030A65E7EA}.Debug|Any CPU.ActiveCfg = Debug|Any CPU
		{41741FB9-B6A9-41A2-A26B-DE030A65E7EA}.Debug|Any CPU.Build.0 = Debug|Any CPU
		{41741FB9-B6A9-41A2-A26B-DE030A65E7EA}.Release|Any CPU.ActiveCfg = Release|Any CPU
		{41741FB9-B6A9-41A2-A26B-DE030A65E7EA}.Release|Any CPU.Build.0 = Release|Any CPU
	EndGlobalSection
	GlobalSection(SolutionProperties) = preSolution
		HideSolutionNode = FALSE
	EndGlobalSection
	GlobalSection(NestedProjects) = preSolution
		{A72F0959-6B7E-41A3-8295-42D9166DFBEA} = {6BD8838E-552B-417B-8B30-841C712E6696}
		{8B5DC9BD-7E9C-498C-96B5-BDA460A1CC29} = {6BD8838E-552B-417B-8B30-841C712E6696}
		{C9964890-7AC4-43BE-9050-26E1C9AD47F2} = {CB427406-E3C9-402D-9C25-F35C450D7D2C}
		{335051EA-09D2-413E-A3D5-13C6A1DC5E6E} = {F8743F78-109F-4E69-BA71-02047B4BB2D6}
		{E30E54F5-6C0A-4E75-906F-49FA317F26EC} = {CB427406-E3C9-402D-9C25-F35C450D7D2C}
		{F791AB81-450D-473C-A37F-7D388CC89C20} = {CB427406-E3C9-402D-9C25-F35C450D7D2C}
		{7827F798-B3C5-4432-9679-75E21F0CAB87} = {06CE1338-7D1F-4CA5-9936-65C31CED0F95}
		{F812F3DC-7B68-4D6F-802F-CBF2EE4C1869} = {06CE1338-7D1F-4CA5-9936-65C31CED0F95}
		{C73C84FA-2AB5-429E-BA85-CDA4C199D974} = {06CE1338-7D1F-4CA5-9936-65C31CED0F95}
		{E85B9C73-8F2D-4FFB-A873-8863921DC52E} = {CB427406-E3C9-402D-9C25-F35C450D7D2C}
		{8E48983F-62D8-4900-B95A-7A5CDC843E5B} = {F8743F78-109F-4E69-BA71-02047B4BB2D6}
		{214A2068-9758-49FA-ADB6-C3454DF59367} = {CB427406-E3C9-402D-9C25-F35C450D7D2C}
		{A2B9E326-4639-4F3E-9301-CA5C6BD17298} = {6BD8838E-552B-417B-8B30-841C712E6696}
		{898FC3F3-39ED-4C3D-A010-61F74D1335E3} = {B6463D88-968C-4EEB-A7B4-A56007B3FDF6}
		{50624445-5704-4CF9-A520-FCFBCE404FF1} = {B6463D88-968C-4EEB-A7B4-A56007B3FDF6}
		{3B8E53DA-2735-4E87-AEDB-42F4DAA8EA39} = {B6463D88-968C-4EEB-A7B4-A56007B3FDF6}
		{B46291D1-85C6-47FE-AC87-910C73772ED8} = {6BD8838E-552B-417B-8B30-841C712E6696}
		{A46E4983-FE43-4224-A6A9-56892A66286B} = {06CE1338-7D1F-4CA5-9936-65C31CED0F95}
		{3B261EEB-01E2-41D3-AA57-056019BE9629} = {F8743F78-109F-4E69-BA71-02047B4BB2D6}
		{C8614077-A9DD-46B1-BD51-22C7D0F2F9AA} = {F8743F78-109F-4E69-BA71-02047B4BB2D6}
		{58704B38-B29E-4D38-A24C-57FD98F15EFC} = {F8743F78-109F-4E69-BA71-02047B4BB2D6}
		{41741FB9-B6A9-41A2-A26B-DE030A65E7EA} = {F8743F78-109F-4E69-BA71-02047B4BB2D6}
	EndGlobalSection
	GlobalSection(ExtensibilityGlobals) = postSolution
		SolutionGuid = {31C4F337-85EF-42F2-9358-F402619BBAE7}
	EndGlobalSection
EndGlobal
